// !$*UTF8*$!
{
	archiveVersion = 1;
	classes = {
	};
	objectVersion = 46;
	objects = {

/* Begin PBXBuildFile section */
		EE38FCFB1D9BBFBD004CC33E /* ReSwift.framework in Frameworks */ = {isa = PBXBuildFile; fileRef = EE38FCFA1D9BBFBD004CC33E /* ReSwift.framework */; };
		EE4C2A721DAF9822008924A3 /* AppDelegate.swift in Sources */ = {isa = PBXBuildFile; fileRef = EE4C29F31DAF9822008924A3 /* AppDelegate.swift */; };
		EE4C2A731DAF9822008924A3 /* AppInfo.swift in Sources */ = {isa = PBXBuildFile; fileRef = EE4C29F41DAF9822008924A3 /* AppInfo.swift */; };
		EE4C2A741DAF9822008924A3 /* Info.plist in Resources */ = {isa = PBXBuildFile; fileRef = EE4C29F51DAF9822008924A3 /* Info.plist */; };
		EE4C2A751DAF9822008924A3 /* YYBaseDemoController.swift in Sources */ = {isa = PBXBuildFile; fileRef = EE4C29F81DAF9822008924A3 /* YYBaseDemoController.swift */; };
		EE4C2A761DAF9822008924A3 /* YYBaseNavigationController.swift in Sources */ = {isa = PBXBuildFile; fileRef = EE4C29F91DAF9822008924A3 /* YYBaseNavigationController.swift */; };
		EE4C2A771DAF9822008924A3 /* YYBaseTabBarController.swift in Sources */ = {isa = PBXBuildFile; fileRef = EE4C29FA1DAF9822008924A3 /* YYBaseTabBarController.swift */; };
		EE4C2A781DAF9822008924A3 /* Game.xcassets in Resources */ = {isa = PBXBuildFile; fileRef = EE4C29FC1DAF9822008924A3 /* Game.xcassets */; };
		EE4C2A791DAF9822008924A3 /* GameDemo.storyboard in Resources */ = {isa = PBXBuildFile; fileRef = EE4C29FD1DAF9822008924A3 /* GameDemo.storyboard */; };
		EE4C2A7A1DAF9822008924A3 /* GameDemo.swift in Sources */ = {isa = PBXBuildFile; fileRef = EE4C29FE1DAF9822008924A3 /* GameDemo.swift */; };
		EE4C2A7B1DAF9822008924A3 /* BackgroundMusic.mp3 in Resources */ = {isa = PBXBuildFile; fileRef = EE4C2A001DAF9822008924A3 /* BackgroundMusic.mp3 */; };
		EE4C2A7C1DAF9822008924A3 /* coin.wav in Resources */ = {isa = PBXBuildFile; fileRef = EE4C2A011DAF9822008924A3 /* coin.wav */; };
		EE4C2A7D1DAF9822008924A3 /* explosion.mp3 in Resources */ = {isa = PBXBuildFile; fileRef = EE4C2A021DAF9822008924A3 /* explosion.mp3 */; };
		EE4C2A7E1DAF9822008924A3 /* jump.wav in Resources */ = {isa = PBXBuildFile; fileRef = EE4C2A031DAF9822008924A3 /* jump.wav */; };
		EE4C2A7F1DAF9822008924A3 /* HelloScene.swift in Sources */ = {isa = PBXBuildFile; fileRef = EE4C2A051DAF9822008924A3 /* HelloScene.swift */; };
		EE4C2A801DAF9822008924A3 /* Spaceship.swift in Sources */ = {isa = PBXBuildFile; fileRef = EE4C2A061DAF9822008924A3 /* Spaceship.swift */; };
		EE4C2A811DAF9822008924A3 /* SpriteViewController.swift in Sources */ = {isa = PBXBuildFile; fileRef = EE4C2A071DAF9822008924A3 /* SpriteViewController.swift */; };
		EE4C2A821DAF9822008924A3 /* Main.storyboard in Resources */ = {isa = PBXBuildFile; fileRef = EE4C2A091DAF9822008924A3 /* Main.storyboard */; };
		EE4C2A831DAF9822008924A3 /* MainController.swift in Sources */ = {isa = PBXBuildFile; fileRef = EE4C2A0B1DAF9822008924A3 /* MainController.swift */; };
		EE4C2A841DAF9822008924A3 /* SwiftLearn.swift in Sources */ = {isa = PBXBuildFile; fileRef = EE4C2A0D1DAF9822008924A3 /* SwiftLearn.swift */; };
		EE4C2A851DAF9822008924A3 /* SwiftLearnDemo.swift in Sources */ = {isa = PBXBuildFile; fileRef = EE4C2A0E1DAF9822008924A3 /* SwiftLearnDemo.swift */; };
		EE4C2A861DAF9822008924A3 /* SwiftTips.swift in Sources */ = {isa = PBXBuildFile; fileRef = EE4C2A151DAF9822008924A3 /* SwiftTips.swift */; };
		EE4C2A871DAF9822008924A3 /* ThreeTouchDemo.swift in Sources */ = {isa = PBXBuildFile; fileRef = EE4C2A181DAF9822008924A3 /* ThreeTouchDemo.swift */; };
		EE4C2A881DAF9822008924A3 /* ThreeTouchDemo.xib in Resources */ = {isa = PBXBuildFile; fileRef = EE4C2A191DAF9822008924A3 /* ThreeTouchDemo.xib */; };
		EE4C2A891DAF9822008924A3 /* SystemDemo.storyboard in Resources */ = {isa = PBXBuildFile; fileRef = EE4C2A1A1DAF9822008924A3 /* SystemDemo.storyboard */; };
		EE4C2A8A1DAF9822008924A3 /* SystemDemo.swift in Sources */ = {isa = PBXBuildFile; fileRef = EE4C2A1B1DAF9822008924A3 /* SystemDemo.swift */; };
		EE4C2A8B1DAF9822008924A3 /* CoreImageDemo.swift in Sources */ = {isa = PBXBuildFile; fileRef = EE4C2A1D1DAF9822008924A3 /* CoreImageDemo.swift */; };
		EE4C2A8C1DAF9822008924A3 /* FunctionalDemo.swift in Sources */ = {isa = PBXBuildFile; fileRef = EE4C2A1E1DAF9822008924A3 /* FunctionalDemo.swift */; };
		EE4C2A8D1DAF9822008924A3 /* UIKitDemo.swift in Sources */ = {isa = PBXBuildFile; fileRef = EE4C2A201DAF9822008924A3 /* UIKitDemo.swift */; };
		EE4C2A8E1DAF9822008924A3 /* UIViewControllerDemo.swift in Sources */ = {isa = PBXBuildFile; fileRef = EE4C2A211DAF9822008924A3 /* UIViewControllerDemo.swift */; };
		EE4C2A8F1DAF9822008924A3 /* EasingDemo.swift in Sources */ = {isa = PBXBuildFile; fileRef = EE4C2A241DAF9822008924A3 /* EasingDemo.swift */; };
		EE4C2A901DAF9822008924A3 /* EasingDemo.xib in Resources */ = {isa = PBXBuildFile; fileRef = EE4C2A251DAF9822008924A3 /* EasingDemo.xib */; };
		EE4C2A911DAF9822008924A3 /* BackingImageDemo.swift in Sources */ = {isa = PBXBuildFile; fileRef = EE4C2A271DAF9822008924A3 /* BackingImageDemo.swift */; };
		EE4C2A921DAF9822008924A3 /* BackingImageDemo.xib in Resources */ = {isa = PBXBuildFile; fileRef = EE4C2A281DAF9822008924A3 /* BackingImageDemo.xib */; };
		EE4C2A931DAF9822008924A3 /* LayerGeometryDemo.swift in Sources */ = {isa = PBXBuildFile; fileRef = EE4C2A2A1DAF9822008924A3 /* LayerGeometryDemo.swift */; };
		EE4C2A941DAF9822008924A3 /* LayerGeometryDemo.xib in Resources */ = {isa = PBXBuildFile; fileRef = EE4C2A2B1DAF9822008924A3 /* LayerGeometryDemo.xib */; };
		EE4C2A951DAF9822008924A3 /* VisualEffectsDemo.swift in Sources */ = {isa = PBXBuildFile; fileRef = EE4C2A2D1DAF9822008924A3 /* VisualEffectsDemo.swift */; };
		EE4C2A961DAF9822008924A3 /* VisualEffectsDemo.xib in Resources */ = {isa = PBXBuildFile; fileRef = EE4C2A2E1DAF9822008924A3 /* VisualEffectsDemo.xib */; };
		EE4C2A971DAF9822008924A3 /* CubeView.swift in Sources */ = {isa = PBXBuildFile; fileRef = EE4C2A301DAF9822008924A3 /* CubeView.swift */; };
		EE4C2A981DAF9822008924A3 /* CubeView.xib in Resources */ = {isa = PBXBuildFile; fileRef = EE4C2A311DAF9822008924A3 /* CubeView.xib */; };
		EE4C2A991DAF9822008924A3 /* TransformDemo.swift in Sources */ = {isa = PBXBuildFile; fileRef = EE4C2A321DAF9822008924A3 /* TransformDemo.swift */; };
		EE4C2A9A1DAF9822008924A3 /* TransformDemo.xib in Resources */ = {isa = PBXBuildFile; fileRef = EE4C2A331DAF9822008924A3 /* TransformDemo.xib */; };
		EE4C2A9B1DAF9822008924A3 /* ImplicitAnimationsDemo.swift in Sources */ = {isa = PBXBuildFile; fileRef = EE4C2A351DAF9822008924A3 /* ImplicitAnimationsDemo.swift */; };
		EE4C2A9C1DAF9822008924A3 /* ImplicitAnimationsDemo.xib in Resources */ = {isa = PBXBuildFile; fileRef = EE4C2A361DAF9822008924A3 /* ImplicitAnimationsDemo.xib */; };
		EE4C2A9D1DAF9822008924A3 /* ExpliciteAnimationDemo.swift in Sources */ = {isa = PBXBuildFile; fileRef = EE4C2A381DAF9822008924A3 /* ExpliciteAnimationDemo.swift */; };
		EE4C2A9E1DAF9822008924A3 /* ExpliciteAnimationDemo.xib in Resources */ = {isa = PBXBuildFile; fileRef = EE4C2A391DAF9822008924A3 /* ExpliciteAnimationDemo.xib */; };
		EE4C2A9F1DAF9822008924A3 /* LayerTimerDemo.swift in Sources */ = {isa = PBXBuildFile; fileRef = EE4C2A3B1DAF9822008924A3 /* LayerTimerDemo.swift */; };
		EE4C2AA01DAF9822008924A3 /* LayerTimerDemo.xib in Resources */ = {isa = PBXBuildFile; fileRef = EE4C2A3C1DAF9822008924A3 /* LayerTimerDemo.xib */; };
		EE4C2AA11DAF9822008924A3 /* CoreAnimation.xcassets in Resources */ = {isa = PBXBuildFile; fileRef = EE4C2A3D1DAF9822008924A3 /* CoreAnimation.xcassets */; };
		EE4C2AA21DAF9822008924A3 /* CoreAnimationDemo.swift in Sources */ = {isa = PBXBuildFile; fileRef = EE4C2A3E1DAF9822008924A3 /* CoreAnimationDemo.swift */; };
		EE4C2AA31DAF9822008924A3 /* AlamofireDemo.swift in Sources */ = {isa = PBXBuildFile; fileRef = EE4C2A411DAF9822008924A3 /* AlamofireDemo.swift */; };
		EE4C2AA41DAF9822008924A3 /* ReduxDemo.swift in Sources */ = {isa = PBXBuildFile; fileRef = EE4C2A431DAF9822008924A3 /* ReduxDemo.swift */; };
		EE4C2AA51DAF9822008924A3 /* TodoFooter.swift in Sources */ = {isa = PBXBuildFile; fileRef = EE4C2A461DAF9822008924A3 /* TodoFooter.swift */; };
		EE4C2AA61DAF9822008924A3 /* TodoFooter.xib in Resources */ = {isa = PBXBuildFile; fileRef = EE4C2A471DAF9822008924A3 /* TodoFooter.xib */; };
		EE4C2AA71DAF9822008924A3 /* TodoHeader.swift in Sources */ = {isa = PBXBuildFile; fileRef = EE4C2A481DAF9822008924A3 /* TodoHeader.swift */; };
		EE4C2AA81DAF9822008924A3 /* TodoHeader.xib in Resources */ = {isa = PBXBuildFile; fileRef = EE4C2A491DAF9822008924A3 /* TodoHeader.xib */; };
		EE4C2AA91DAF9822008924A3 /* TodoList.swift in Sources */ = {isa = PBXBuildFile; fileRef = EE4C2A4A1DAF9822008924A3 /* TodoList.swift */; };
		EE4C2AAA1DAF9822008924A3 /* TodoList.xib in Resources */ = {isa = PBXBuildFile; fileRef = EE4C2A4B1DAF9822008924A3 /* TodoList.xib */; };
		EE4C2AAB1DAF9822008924A3 /* TodoListAction.swift in Sources */ = {isa = PBXBuildFile; fileRef = EE4C2A4E1DAF9822008924A3 /* TodoListAction.swift */; };
		EE4C2AAC1DAF9822008924A3 /* TodoListReducer.swift in Sources */ = {isa = PBXBuildFile; fileRef = EE4C2A501DAF9822008924A3 /* TodoListReducer.swift */; };
		EE4C2AAD1DAF9822008924A3 /* TodoListReduxDemo.swift in Sources */ = {isa = PBXBuildFile; fileRef = EE4C2A511DAF9822008924A3 /* TodoListReduxDemo.swift */; };
		EE4C2AAE1DAF9822008924A3 /* TodoListReduxDemo.xib in Resources */ = {isa = PBXBuildFile; fileRef = EE4C2A521DAF9822008924A3 /* TodoListReduxDemo.xib */; };
		EE4C2AAF1DAF9822008924A3 /* TodoListDemo.swift in Sources */ = {isa = PBXBuildFile; fileRef = EE4C2A541DAF9822008924A3 /* TodoListDemo.swift */; };
		EE4C2AB01DAF9822008924A3 /* TodoListDemo.xib in Resources */ = {isa = PBXBuildFile; fileRef = EE4C2A551DAF9822008924A3 /* TodoListDemo.xib */; };
		EE4C2AB11DAF9822008924A3 /* ThirdLibDemo.storyboard in Resources */ = {isa = PBXBuildFile; fileRef = EE4C2A561DAF9822008924A3 /* ThirdLibDemo.storyboard */; };
		EE4C2AB21DAF9822008924A3 /* ThirdLibDemo.swift in Sources */ = {isa = PBXBuildFile; fileRef = EE4C2A571DAF9822008924A3 /* ThirdLibDemo.swift */; };
		EE4C2AB31DAF9822008924A3 /* YYLibDemo.storyboard in Resources */ = {isa = PBXBuildFile; fileRef = EE4C2A591DAF9822008924A3 /* YYLibDemo.storyboard */; };
		EE4C2AB41DAF9822008924A3 /* YYLibDemo.swift in Sources */ = {isa = PBXBuildFile; fileRef = EE4C2A5A1DAF9822008924A3 /* YYLibDemo.swift */; };
		EE4C2AB51DAF9822008924A3 /* YYNoDataViewDemo.swift in Sources */ = {isa = PBXBuildFile; fileRef = EE4C2A5C1DAF9822008924A3 /* YYNoDataViewDemo.swift */; };
		EE4C2AB61DAF9822008924A3 /* YYRefreshDemo.swift in Sources */ = {isa = PBXBuildFile; fileRef = EE4C2A5E1DAF9822008924A3 /* YYRefreshDemo.swift */; };
		EE4C2AB71DAF9822008924A3 /* YYRefreshDemo.xib in Resources */ = {isa = PBXBuildFile; fileRef = EE4C2A5F1DAF9822008924A3 /* YYRefreshDemo.xib */; };
		EE4C2AB81DAF9822008924A3 /* GoodsDetailContainerController.swift in Sources */ = {isa = PBXBuildFile; fileRef = EE4C2A611DAF9822008924A3 /* GoodsDetailContainerController.swift */; };
		EE4C2AB91DAF9822008924A3 /* GoodsDetailGraphicViewController.swift in Sources */ = {isa = PBXBuildFile; fileRef = EE4C2A621DAF9822008924A3 /* GoodsDetailGraphicViewController.swift */; };
		EE4C2ABA1DAF9822008924A3 /* DemoCell.swift in Sources */ = {isa = PBXBuildFile; fileRef = EE4C2A651DAF9822008924A3 /* DemoCell.swift */; };
		EE4C2ABB1DAF9822008924A3 /* DemoCell.xib in Resources */ = {isa = PBXBuildFile; fileRef = EE4C2A661DAF9822008924A3 /* DemoCell.xib */; };
		EE4C2ABC1DAF9822008924A3 /* DemoCell2.swift in Sources */ = {isa = PBXBuildFile; fileRef = EE4C2A671DAF9822008924A3 /* DemoCell2.swift */; };
		EE4C2ABD1DAF9822008924A3 /* GoodsDetailViewController.swift in Sources */ = {isa = PBXBuildFile; fileRef = EE4C2A681DAF9822008924A3 /* GoodsDetailViewController.swift */; };
		EE4C2ABE1DAF9822008924A3 /* UsefulExperienceDemo.swift in Sources */ = {isa = PBXBuildFile; fileRef = EE4C2A6A1DAF9822008924A3 /* UsefulExperienceDemo.swift */; };
		EE4C2ABF1DAF9822008924A3 /* InnerScrollView.swift in Sources */ = {isa = PBXBuildFile; fileRef = EE4C2A6C1DAF9822008924A3 /* InnerScrollView.swift */; };
		EE4C2AC01DAF9822008924A3 /* NestedScrollViewDemo.swift in Sources */ = {isa = PBXBuildFile; fileRef = EE4C2A6D1DAF9822008924A3 /* NestedScrollViewDemo.swift */; };
		EE4C2AC11DAF9822008924A3 /* Assets.xcassets in Resources */ = {isa = PBXBuildFile; fileRef = EE4C2A6F1DAF9822008924A3 /* Assets.xcassets */; };
		EE4C2AC21DAF9822008924A3 /* LaunchScreen.storyboard in Resources */ = {isa = PBXBuildFile; fileRef = EE4C2A701DAF9822008924A3 /* LaunchScreen.storyboard */; };
		EE4C2AC41DAF9854008924A3 /* SnapKit.framework in Frameworks */ = {isa = PBXBuildFile; fileRef = EE4C2AC31DAF9854008924A3 /* SnapKit.framework */; };
		EE4C2ACB1DAF987B008924A3 /* Aspects.framework in Frameworks */ = {isa = PBXBuildFile; fileRef = EE4C2AC51DAF987B008924A3 /* Aspects.framework */; };
		EE4C2ACC1DAF987B008924A3 /* CryptoSwift.framework in Frameworks */ = {isa = PBXBuildFile; fileRef = EE4C2AC61DAF987B008924A3 /* CryptoSwift.framework */; };
		EE4C2ACD1DAF987B008924A3 /* EZSwiftExtensions.framework in Frameworks */ = {isa = PBXBuildFile; fileRef = EE4C2AC71DAF987B008924A3 /* EZSwiftExtensions.framework */; };
		EE4C2ACE1DAF987C008924A3 /* HandyJSON.framework in Frameworks */ = {isa = PBXBuildFile; fileRef = EE4C2AC81DAF987B008924A3 /* HandyJSON.framework */; };
		EE4C2ACF1DAF987C008924A3 /* Kingfisher.framework in Frameworks */ = {isa = PBXBuildFile; fileRef = EE4C2AC91DAF987B008924A3 /* Kingfisher.framework */; };
		EE4C2AD01DAF987C008924A3 /* PermissionScope.framework in Frameworks */ = {isa = PBXBuildFile; fileRef = EE4C2ACA1DAF987B008924A3 /* PermissionScope.framework */; };
		EE4C2B661DAF9B3A008924A3 /* YYSDK.h in Headers */ = {isa = PBXBuildFile; fileRef = EE4C2B641DAF9B3A008924A3 /* YYSDK.h */; settings = {ATTRIBUTES = (Public, ); }; };
		EE4C2B691DAF9B3A008924A3 /* YYSDK.framework in Frameworks */ = {isa = PBXBuildFile; fileRef = EE4C2B621DAF9B3A008924A3 /* YYSDK.framework */; };
		EE4C2B6A1DAF9B3A008924A3 /* YYSDK.framework in Embed Frameworks */ = {isa = PBXBuildFile; fileRef = EE4C2B621DAF9B3A008924A3 /* YYSDK.framework */; settings = {ATTRIBUTES = (CodeSignOnCopy, RemoveHeadersOnCopy, ); }; };
		EE4C2BC51DAF9B6A008924A3 /* Array+YYSDK.swift in Sources */ = {isa = PBXBuildFile; fileRef = EE4C2B711DAF9B6A008924A3 /* Array+YYSDK.swift */; };
		EE4C2BC61DAF9B6A008924A3 /* Bool+YYSDK.swift in Sources */ = {isa = PBXBuildFile; fileRef = EE4C2B731DAF9B6A008924A3 /* Bool+YYSDK.swift */; };
		EE4C2BC71DAF9B6A008924A3 /* NSData+YYSDK.swift in Sources */ = {isa = PBXBuildFile; fileRef = EE4C2B751DAF9B6A008924A3 /* NSData+YYSDK.swift */; };
		EE4C2BC81DAF9B6A008924A3 /* Date+YYSDK.swift in Sources */ = {isa = PBXBuildFile; fileRef = EE4C2B771DAF9B6A008924A3 /* Date+YYSDK.swift */; };
		EE4C2BC91DAF9B6A008924A3 /* Dictionary+YYSDK.swift in Sources */ = {isa = PBXBuildFile; fileRef = EE4C2B791DAF9B6A008924A3 /* Dictionary+YYSDK.swift */; };
		EE4C2BCA1DAF9B6A008924A3 /* NSObject+YYSDK.swift in Sources */ = {isa = PBXBuildFile; fileRef = EE4C2B7B1DAF9B6A008924A3 /* NSObject+YYSDK.swift */; };
		EE4C2BCB1DAF9B6A008924A3 /* NSAttributedString+YYSDK.swift in Sources */ = {isa = PBXBuildFile; fileRef = EE4C2B7D1DAF9B6A008924A3 /* NSAttributedString+YYSDK.swift */; };
		EE4C2BCC1DAF9B6A008924A3 /* String+YYSDK.swift in Sources */ = {isa = PBXBuildFile; fileRef = EE4C2B7E1DAF9B6A008924A3 /* String+YYSDK.swift */; };
		EE4C2BCD1DAF9B6A008924A3 /* SKView+YYSDK.swift in Sources */ = {isa = PBXBuildFile; fileRef = EE4C2B811DAF9B6A008924A3 /* SKView+YYSDK.swift */; };
		EE4C2BCE1DAF9B6A008924A3 /* UIApplication+YYSDK.swift in Sources */ = {isa = PBXBuildFile; fileRef = EE4C2B841DAF9B6A008924A3 /* UIApplication+YYSDK.swift */; };
		EE4C2BCF1DAF9B6A008924A3 /* UIButton+YYSDK.swift in Sources */ = {isa = PBXBuildFile; fileRef = EE4C2B861DAF9B6A008924A3 /* UIButton+YYSDK.swift */; };
		EE4C2BD01DAF9B6A008924A3 /* UIColor+YYSDK.swift in Sources */ = {isa = PBXBuildFile; fileRef = EE4C2B881DAF9B6A008924A3 /* UIColor+YYSDK.swift */; };
		EE4C2BD11DAF9B6A008924A3 /* UIImage+YYSDK.swift in Sources */ = {isa = PBXBuildFile; fileRef = EE4C2B8A1DAF9B6A008924A3 /* UIImage+YYSDK.swift */; };
		EE4C2BD21DAF9B6A008924A3 /* UINavigationBar+YYSDK.swift in Sources */ = {isa = PBXBuildFile; fileRef = EE4C2B8C1DAF9B6A008924A3 /* UINavigationBar+YYSDK.swift */; };
		EE4C2BD31DAF9B6A008924A3 /* UIPanGestureRecognizer+YYSDK.swift in Sources */ = {isa = PBXBuildFile; fileRef = EE4C2B8E1DAF9B6A008924A3 /* UIPanGestureRecognizer+YYSDK.swift */; };
		EE4C2BD41DAF9B6A008924A3 /* UIScrollView+YYSDK.swift in Sources */ = {isa = PBXBuildFile; fileRef = EE4C2B901DAF9B6A008924A3 /* UIScrollView+YYSDK.swift */; };
		EE4C2BD51DAF9B6A008924A3 /* UITabBarController+YYSDK.swift in Sources */ = {isa = PBXBuildFile; fileRef = EE4C2B921DAF9B6A008924A3 /* UITabBarController+YYSDK.swift */; };
		EE4C2BD61DAF9B6A008924A3 /* UITableView+YYSDK.swift in Sources */ = {isa = PBXBuildFile; fileRef = EE4C2B941DAF9B6A008924A3 /* UITableView+YYSDK.swift */; };
		EE4C2BD71DAF9B6A008924A3 /* UIView+YYSDK.swift in Sources */ = {isa = PBXBuildFile; fileRef = EE4C2B961DAF9B6A008924A3 /* UIView+YYSDK.swift */; };
		EE4C2BD81DAF9B6A008924A3 /* ViewController+YYSDK.swift in Sources */ = {isa = PBXBuildFile; fileRef = EE4C2B981DAF9B6A008924A3 /* ViewController+YYSDK.swift */; };
		EE4C2BD91DAF9B6A008924A3 /* UIWebView+YYSDK.swift in Sources */ = {isa = PBXBuildFile; fileRef = EE4C2B9A1DAF9B6A008924A3 /* UIWebView+YYSDK.swift */; };
		EE4C2BDA1DAF9B6A008924A3 /* WKWebView+YYSDK.swift in Sources */ = {isa = PBXBuildFile; fileRef = EE4C2B9C1DAF9B6A008924A3 /* WKWebView+YYSDK.swift */; };
		EE4C2BDB1DAF9B6A008924A3 /* YYClosure.swift in Sources */ = {isa = PBXBuildFile; fileRef = EE4C2B9E1DAF9B6A008924A3 /* YYClosure.swift */; };
		EE4C2BDC1DAF9B6A008924A3 /* YYEnum.swift in Sources */ = {isa = PBXBuildFile; fileRef = EE4C2B9F1DAF9B6A008924A3 /* YYEnum.swift */; };
		EE4C2BDD1DAF9B6A008924A3 /* YYProtocol.swift in Sources */ = {isa = PBXBuildFile; fileRef = EE4C2BA01DAF9B6A008924A3 /* YYProtocol.swift */; };
		EE4C2BDE1DAF9B6A008924A3 /* YYStruct.swift in Sources */ = {isa = PBXBuildFile; fileRef = EE4C2BA11DAF9B6A008924A3 /* YYStruct.swift */; };
		EE4C2BDF1DAF9B6A008924A3 /* YYSystemNotification.swift in Sources */ = {isa = PBXBuildFile; fileRef = EE4C2BA21DAF9B6A008924A3 /* YYSystemNotification.swift */; };
		EE4C2BE01DAF9B6A008924A3 /* YYAnimation.swift in Sources */ = {isa = PBXBuildFile; fileRef = EE4C2BA51DAF9B6A008924A3 /* YYAnimation.swift */; };
		EE4C2BE11DAF9B6A008924A3 /* YYButton.swift in Sources */ = {isa = PBXBuildFile; fileRef = EE4C2BA71DAF9B6A008924A3 /* YYButton.swift */; };
		EE4C2BE21DAF9B6A008924A3 /* YYImageView.swift in Sources */ = {isa = PBXBuildFile; fileRef = EE4C2BA81DAF9B6A008924A3 /* YYImageView.swift */; };
		EE4C2BE31DAF9B6A008924A3 /* YYLabel.swift in Sources */ = {isa = PBXBuildFile; fileRef = EE4C2BA91DAF9B6A008924A3 /* YYLabel.swift */; };
		EE4C2BE41DAF9B6A008924A3 /* YYView.swift in Sources */ = {isa = PBXBuildFile; fileRef = EE4C2BAA1DAF9B6A008924A3 /* YYView.swift */; };
		EE4C2BE51DAF9B6A008924A3 /* YYDim.swift in Sources */ = {isa = PBXBuildFile; fileRef = EE4C2BAC1DAF9B6A008924A3 /* YYDim.swift */; };
		EE4C2BE61DAF9B6A008924A3 /* YYEnvironment.swift in Sources */ = {isa = PBXBuildFile; fileRef = EE4C2BAE1DAF9B6A008924A3 /* YYEnvironment.swift */; };
		EE4C2BE71DAF9B6A008924A3 /* YYGCD.swift in Sources */ = {isa = PBXBuildFile; fileRef = EE4C2BB01DAF9B6A008924A3 /* YYGCD.swift */; };
		EE4C2BE81DAF9B6A008924A3 /* YYGCDGroup.swift in Sources */ = {isa = PBXBuildFile; fileRef = EE4C2BB11DAF9B6A008924A3 /* YYGCDGroup.swift */; };
		EE4C2BE91DAF9B6A008924A3 /* YYHttp.swift in Sources */ = {isa = PBXBuildFile; fileRef = EE4C2BB31DAF9B6A008924A3 /* YYHttp.swift */; };
		EE4C2BEA1DAF9B6A008924A3 /* YYImageBrowser.swift in Sources */ = {isa = PBXBuildFile; fileRef = EE4C2BB51DAF9B6A008924A3 /* YYImageBrowser.swift */; };
		EE4C2BEB1DAF9B6A008924A3 /* YYLogger.swift in Sources */ = {isa = PBXBuildFile; fileRef = EE4C2BB71DAF9B6A008924A3 /* YYLogger.swift */; };
		EE4C2BEC1DAF9B6A008924A3 /* YYNoDataView.swift in Sources */ = {isa = PBXBuildFile; fileRef = EE4C2BB91DAF9B6A008924A3 /* YYNoDataView.swift */; };
		EE4C2BED1DAF9B6B008924A3 /* YYNoDataView.xib in Resources */ = {isa = PBXBuildFile; fileRef = EE4C2BBA1DAF9B6A008924A3 /* YYNoDataView.xib */; };
		EE4C2BEE1DAF9B6B008924A3 /* YYNoDataViewImage@2x.png in Resources */ = {isa = PBXBuildFile; fileRef = EE4C2BBB1DAF9B6A008924A3 /* YYNoDataViewImage@2x.png */; };
		EE4C2BEF1DAF9B6B008924A3 /* YYRefresh.bundle in Resources */ = {isa = PBXBuildFile; fileRef = EE4C2BBD1DAF9B6A008924A3 /* YYRefresh.bundle */; };
		EE4C2BF01DAF9B6B008924A3 /* YYRefresh.swift in Sources */ = {isa = PBXBuildFile; fileRef = EE4C2BBE1DAF9B6A008924A3 /* YYRefresh.swift */; };
		EE4C2BF11DAF9B6B008924A3 /* YYRefreshFoundation.swift in Sources */ = {isa = PBXBuildFile; fileRef = EE4C2BBF1DAF9B6A008924A3 /* YYRefreshFoundation.swift */; };
		EE4C2BF21DAF9B6B008924A3 /* YYRefreshView.swift in Sources */ = {isa = PBXBuildFile; fileRef = EE4C2BC01DAF9B6A008924A3 /* YYRefreshView.swift */; };
		EE4C2BF31DAF9B6B008924A3 /* YYRenderableTableView.swift in Sources */ = {isa = PBXBuildFile; fileRef = EE4C2BC21DAF9B6A008924A3 /* YYRenderableTableView.swift */; };
		EE4C2BF41DAF9B6B008924A3 /* YYXibView.swift in Sources */ = {isa = PBXBuildFile; fileRef = EE4C2BC41DAF9B6A008924A3 /* YYXibView.swift */; };
		EE4C2BF51DAF9BD2008924A3 /* Alamofire.framework in Frameworks */ = {isa = PBXBuildFile; fileRef = EE50A6D21D9BDAAA00B70B3F /* Alamofire.framework */; };
		EEAC1C061D9A4EE100A40191 /* KeychainAccess.framework in Frameworks */ = {isa = PBXBuildFile; fileRef = EEAC1C051D9A4EE000A40191 /* KeychainAccess.framework */; };
		EEDC25371D9CC32200CE6D96 /* Alamofire.framework in Frameworks */ = {isa = PBXBuildFile; fileRef = EE50A6D21D9BDAAA00B70B3F /* Alamofire.framework */; };
/* End PBXBuildFile section */

/* Begin PBXContainerItemProxy section */
		EE4C2B671DAF9B3A008924A3 /* PBXContainerItemProxy */ = {
			isa = PBXContainerItemProxy;
			containerPortal = EEF501CB1D815AB800FF90B0 /* Project object */;
			proxyType = 1;
			remoteGlobalIDString = EE4C2B611DAF9B3A008924A3;
			remoteInfo = YYSDK;
		};
/* End PBXContainerItemProxy section */

/* Begin PBXCopyFilesBuildPhase section */
		EEF502031D815EA500FF90B0 /* Embed Frameworks */ = {
			isa = PBXCopyFilesBuildPhase;
			buildActionMask = 2147483647;
			dstPath = "";
			dstSubfolderSpec = 10;
			files = (
				EE4C2B6A1DAF9B3A008924A3 /* YYSDK.framework in Embed Frameworks */,
			);
			name = "Embed Frameworks";
			runOnlyForDeploymentPostprocessing = 0;
		};
/* End PBXCopyFilesBuildPhase section */

/* Begin PBXFileReference section */
		EE38FCFA1D9BBFBD004CC33E /* ReSwift.framework */ = {isa = PBXFileReference; lastKnownFileType = wrapper.framework; name = ReSwift.framework; path = Carthage/Build/iOS/ReSwift.framework; sourceTree = "<group>"; };
		EE4C29F31DAF9822008924A3 /* AppDelegate.swift */ = {isa = PBXFileReference; fileEncoding = 4; lastKnownFileType = sourcecode.swift; path = AppDelegate.swift; sourceTree = "<group>"; };
		EE4C29F41DAF9822008924A3 /* AppInfo.swift */ = {isa = PBXFileReference; fileEncoding = 4; lastKnownFileType = sourcecode.swift; path = AppInfo.swift; sourceTree = "<group>"; };
		EE4C29F51DAF9822008924A3 /* Info.plist */ = {isa = PBXFileReference; fileEncoding = 4; lastKnownFileType = text.plist.xml; path = Info.plist; sourceTree = "<group>"; };
		EE4C29F81DAF9822008924A3 /* YYBaseDemoController.swift */ = {isa = PBXFileReference; fileEncoding = 4; lastKnownFileType = sourcecode.swift; path = YYBaseDemoController.swift; sourceTree = "<group>"; };
		EE4C29F91DAF9822008924A3 /* YYBaseNavigationController.swift */ = {isa = PBXFileReference; fileEncoding = 4; lastKnownFileType = sourcecode.swift; path = YYBaseNavigationController.swift; sourceTree = "<group>"; };
		EE4C29FA1DAF9822008924A3 /* YYBaseTabBarController.swift */ = {isa = PBXFileReference; fileEncoding = 4; lastKnownFileType = sourcecode.swift; path = YYBaseTabBarController.swift; sourceTree = "<group>"; };
		EE4C29FC1DAF9822008924A3 /* Game.xcassets */ = {isa = PBXFileReference; lastKnownFileType = folder.assetcatalog; path = Game.xcassets; sourceTree = "<group>"; };
		EE4C29FD1DAF9822008924A3 /* GameDemo.storyboard */ = {isa = PBXFileReference; fileEncoding = 4; lastKnownFileType = file.storyboard; path = GameDemo.storyboard; sourceTree = "<group>"; };
		EE4C29FE1DAF9822008924A3 /* GameDemo.swift */ = {isa = PBXFileReference; fileEncoding = 4; lastKnownFileType = sourcecode.swift; path = GameDemo.swift; sourceTree = "<group>"; };
		EE4C2A001DAF9822008924A3 /* BackgroundMusic.mp3 */ = {isa = PBXFileReference; lastKnownFileType = audio.mp3; path = BackgroundMusic.mp3; sourceTree = "<group>"; };
		EE4C2A011DAF9822008924A3 /* coin.wav */ = {isa = PBXFileReference; lastKnownFileType = audio.wav; path = coin.wav; sourceTree = "<group>"; };
		EE4C2A021DAF9822008924A3 /* explosion.mp3 */ = {isa = PBXFileReference; lastKnownFileType = audio.mp3; path = explosion.mp3; sourceTree = "<group>"; };
		EE4C2A031DAF9822008924A3 /* jump.wav */ = {isa = PBXFileReference; lastKnownFileType = audio.wav; path = jump.wav; sourceTree = "<group>"; };
		EE4C2A051DAF9822008924A3 /* HelloScene.swift */ = {isa = PBXFileReference; fileEncoding = 4; lastKnownFileType = sourcecode.swift; path = HelloScene.swift; sourceTree = "<group>"; };
		EE4C2A061DAF9822008924A3 /* Spaceship.swift */ = {isa = PBXFileReference; fileEncoding = 4; lastKnownFileType = sourcecode.swift; path = Spaceship.swift; sourceTree = "<group>"; };
		EE4C2A071DAF9822008924A3 /* SpriteViewController.swift */ = {isa = PBXFileReference; fileEncoding = 4; lastKnownFileType = sourcecode.swift; path = SpriteViewController.swift; sourceTree = "<group>"; };
		EE4C2A0A1DAF9822008924A3 /* Base */ = {isa = PBXFileReference; lastKnownFileType = file.storyboard; name = Base; path = Base.lproj/Main.storyboard; sourceTree = "<group>"; };
		EE4C2A0B1DAF9822008924A3 /* MainController.swift */ = {isa = PBXFileReference; fileEncoding = 4; lastKnownFileType = sourcecode.swift; path = MainController.swift; sourceTree = "<group>"; };
		EE4C2A0D1DAF9822008924A3 /* SwiftLearn.swift */ = {isa = PBXFileReference; fileEncoding = 4; lastKnownFileType = sourcecode.swift; path = SwiftLearn.swift; sourceTree = "<group>"; };
		EE4C2A0E1DAF9822008924A3 /* SwiftLearnDemo.swift */ = {isa = PBXFileReference; fileEncoding = 4; lastKnownFileType = sourcecode.swift; path = SwiftLearnDemo.swift; sourceTree = "<group>"; };
		EE4C2A101DAF9822008924A3 /* Swift2.2.playground */ = {isa = PBXFileReference; lastKnownFileType = file.playground; path = Swift2.2.playground; sourceTree = "<group>"; };
		EE4C2A111DAF9822008924A3 /* Swift3.0.playground */ = {isa = PBXFileReference; lastKnownFileType = file.playground; path = Swift3.0.playground; sourceTree = "<group>"; };
		EE4C2A131DAF9822008924A3 /* 01-基础部分.playground */ = {isa = PBXFileReference; lastKnownFileType = file.playground; path = "01-基础部分.playground"; sourceTree = "<group>"; };
		EE4C2A151DAF9822008924A3 /* SwiftTips.swift */ = {isa = PBXFileReference; fileEncoding = 4; lastKnownFileType = sourcecode.swift; path = SwiftTips.swift; sourceTree = "<group>"; };
		EE4C2A181DAF9822008924A3 /* ThreeTouchDemo.swift */ = {isa = PBXFileReference; fileEncoding = 4; lastKnownFileType = sourcecode.swift; path = ThreeTouchDemo.swift; sourceTree = "<group>"; };
		EE4C2A191DAF9822008924A3 /* ThreeTouchDemo.xib */ = {isa = PBXFileReference; fileEncoding = 4; lastKnownFileType = file.xib; path = ThreeTouchDemo.xib; sourceTree = "<group>"; };
		EE4C2A1A1DAF9822008924A3 /* SystemDemo.storyboard */ = {isa = PBXFileReference; fileEncoding = 4; lastKnownFileType = file.storyboard; path = SystemDemo.storyboard; sourceTree = "<group>"; };
		EE4C2A1B1DAF9822008924A3 /* SystemDemo.swift */ = {isa = PBXFileReference; fileEncoding = 4; lastKnownFileType = sourcecode.swift; path = SystemDemo.swift; sourceTree = "<group>"; };
		EE4C2A1D1DAF9822008924A3 /* CoreImageDemo.swift */ = {isa = PBXFileReference; fileEncoding = 4; lastKnownFileType = sourcecode.swift; path = CoreImageDemo.swift; sourceTree = "<group>"; };
		EE4C2A1E1DAF9822008924A3 /* FunctionalDemo.swift */ = {isa = PBXFileReference; fileEncoding = 4; lastKnownFileType = sourcecode.swift; path = FunctionalDemo.swift; sourceTree = "<group>"; };
		EE4C2A201DAF9822008924A3 /* UIKitDemo.swift */ = {isa = PBXFileReference; fileEncoding = 4; lastKnownFileType = sourcecode.swift; path = UIKitDemo.swift; sourceTree = "<group>"; };
		EE4C2A211DAF9822008924A3 /* UIViewControllerDemo.swift */ = {isa = PBXFileReference; fileEncoding = 4; lastKnownFileType = sourcecode.swift; path = UIViewControllerDemo.swift; sourceTree = "<group>"; };
		EE4C2A241DAF9822008924A3 /* EasingDemo.swift */ = {isa = PBXFileReference; fileEncoding = 4; lastKnownFileType = sourcecode.swift; path = EasingDemo.swift; sourceTree = "<group>"; };
		EE4C2A251DAF9822008924A3 /* EasingDemo.xib */ = {isa = PBXFileReference; fileEncoding = 4; lastKnownFileType = file.xib; path = EasingDemo.xib; sourceTree = "<group>"; };
		EE4C2A271DAF9822008924A3 /* BackingImageDemo.swift */ = {isa = PBXFileReference; fileEncoding = 4; lastKnownFileType = sourcecode.swift; path = BackingImageDemo.swift; sourceTree = "<group>"; };
		EE4C2A281DAF9822008924A3 /* BackingImageDemo.xib */ = {isa = PBXFileReference; fileEncoding = 4; lastKnownFileType = file.xib; path = BackingImageDemo.xib; sourceTree = "<group>"; };
		EE4C2A2A1DAF9822008924A3 /* LayerGeometryDemo.swift */ = {isa = PBXFileReference; fileEncoding = 4; lastKnownFileType = sourcecode.swift; path = LayerGeometryDemo.swift; sourceTree = "<group>"; };
		EE4C2A2B1DAF9822008924A3 /* LayerGeometryDemo.xib */ = {isa = PBXFileReference; fileEncoding = 4; lastKnownFileType = file.xib; path = LayerGeometryDemo.xib; sourceTree = "<group>"; };
		EE4C2A2D1DAF9822008924A3 /* VisualEffectsDemo.swift */ = {isa = PBXFileReference; fileEncoding = 4; lastKnownFileType = sourcecode.swift; path = VisualEffectsDemo.swift; sourceTree = "<group>"; };
		EE4C2A2E1DAF9822008924A3 /* VisualEffectsDemo.xib */ = {isa = PBXFileReference; fileEncoding = 4; lastKnownFileType = file.xib; path = VisualEffectsDemo.xib; sourceTree = "<group>"; };
		EE4C2A301DAF9822008924A3 /* CubeView.swift */ = {isa = PBXFileReference; fileEncoding = 4; lastKnownFileType = sourcecode.swift; path = CubeView.swift; sourceTree = "<group>"; };
		EE4C2A311DAF9822008924A3 /* CubeView.xib */ = {isa = PBXFileReference; fileEncoding = 4; lastKnownFileType = file.xib; path = CubeView.xib; sourceTree = "<group>"; };
		EE4C2A321DAF9822008924A3 /* TransformDemo.swift */ = {isa = PBXFileReference; fileEncoding = 4; lastKnownFileType = sourcecode.swift; path = TransformDemo.swift; sourceTree = "<group>"; };
		EE4C2A331DAF9822008924A3 /* TransformDemo.xib */ = {isa = PBXFileReference; fileEncoding = 4; lastKnownFileType = file.xib; path = TransformDemo.xib; sourceTree = "<group>"; };
		EE4C2A351DAF9822008924A3 /* ImplicitAnimationsDemo.swift */ = {isa = PBXFileReference; fileEncoding = 4; lastKnownFileType = sourcecode.swift; path = ImplicitAnimationsDemo.swift; sourceTree = "<group>"; };
		EE4C2A361DAF9822008924A3 /* ImplicitAnimationsDemo.xib */ = {isa = PBXFileReference; fileEncoding = 4; lastKnownFileType = file.xib; path = ImplicitAnimationsDemo.xib; sourceTree = "<group>"; };
		EE4C2A381DAF9822008924A3 /* ExpliciteAnimationDemo.swift */ = {isa = PBXFileReference; fileEncoding = 4; lastKnownFileType = sourcecode.swift; path = ExpliciteAnimationDemo.swift; sourceTree = "<group>"; };
		EE4C2A391DAF9822008924A3 /* ExpliciteAnimationDemo.xib */ = {isa = PBXFileReference; fileEncoding = 4; lastKnownFileType = file.xib; path = ExpliciteAnimationDemo.xib; sourceTree = "<group>"; };
		EE4C2A3B1DAF9822008924A3 /* LayerTimerDemo.swift */ = {isa = PBXFileReference; fileEncoding = 4; lastKnownFileType = sourcecode.swift; path = LayerTimerDemo.swift; sourceTree = "<group>"; };
		EE4C2A3C1DAF9822008924A3 /* LayerTimerDemo.xib */ = {isa = PBXFileReference; fileEncoding = 4; lastKnownFileType = file.xib; path = LayerTimerDemo.xib; sourceTree = "<group>"; };
		EE4C2A3D1DAF9822008924A3 /* CoreAnimation.xcassets */ = {isa = PBXFileReference; lastKnownFileType = folder.assetcatalog; path = CoreAnimation.xcassets; sourceTree = "<group>"; };
		EE4C2A3E1DAF9822008924A3 /* CoreAnimationDemo.swift */ = {isa = PBXFileReference; fileEncoding = 4; lastKnownFileType = sourcecode.swift; path = CoreAnimationDemo.swift; sourceTree = "<group>"; };
		EE4C2A411DAF9822008924A3 /* AlamofireDemo.swift */ = {isa = PBXFileReference; fileEncoding = 4; lastKnownFileType = sourcecode.swift; path = AlamofireDemo.swift; sourceTree = "<group>"; };
		EE4C2A431DAF9822008924A3 /* ReduxDemo.swift */ = {isa = PBXFileReference; fileEncoding = 4; lastKnownFileType = sourcecode.swift; path = ReduxDemo.swift; sourceTree = "<group>"; };
		EE4C2A461DAF9822008924A3 /* TodoFooter.swift */ = {isa = PBXFileReference; fileEncoding = 4; lastKnownFileType = sourcecode.swift; path = TodoFooter.swift; sourceTree = "<group>"; };
		EE4C2A471DAF9822008924A3 /* TodoFooter.xib */ = {isa = PBXFileReference; fileEncoding = 4; lastKnownFileType = file.xib; path = TodoFooter.xib; sourceTree = "<group>"; };
		EE4C2A481DAF9822008924A3 /* TodoHeader.swift */ = {isa = PBXFileReference; fileEncoding = 4; lastKnownFileType = sourcecode.swift; path = TodoHeader.swift; sourceTree = "<group>"; };
		EE4C2A491DAF9822008924A3 /* TodoHeader.xib */ = {isa = PBXFileReference; fileEncoding = 4; lastKnownFileType = file.xib; path = TodoHeader.xib; sourceTree = "<group>"; };
		EE4C2A4A1DAF9822008924A3 /* TodoList.swift */ = {isa = PBXFileReference; fileEncoding = 4; lastKnownFileType = sourcecode.swift; path = TodoList.swift; sourceTree = "<group>"; };
		EE4C2A4B1DAF9822008924A3 /* TodoList.xib */ = {isa = PBXFileReference; fileEncoding = 4; lastKnownFileType = file.xib; path = TodoList.xib; sourceTree = "<group>"; };
		EE4C2A4E1DAF9822008924A3 /* TodoListAction.swift */ = {isa = PBXFileReference; fileEncoding = 4; lastKnownFileType = sourcecode.swift; path = TodoListAction.swift; sourceTree = "<group>"; };
		EE4C2A501DAF9822008924A3 /* TodoListReducer.swift */ = {isa = PBXFileReference; fileEncoding = 4; lastKnownFileType = sourcecode.swift; path = TodoListReducer.swift; sourceTree = "<group>"; };
		EE4C2A511DAF9822008924A3 /* TodoListReduxDemo.swift */ = {isa = PBXFileReference; fileEncoding = 4; lastKnownFileType = sourcecode.swift; path = TodoListReduxDemo.swift; sourceTree = "<group>"; };
		EE4C2A521DAF9822008924A3 /* TodoListReduxDemo.xib */ = {isa = PBXFileReference; fileEncoding = 4; lastKnownFileType = file.xib; path = TodoListReduxDemo.xib; sourceTree = "<group>"; };
		EE4C2A541DAF9822008924A3 /* TodoListDemo.swift */ = {isa = PBXFileReference; fileEncoding = 4; lastKnownFileType = sourcecode.swift; path = TodoListDemo.swift; sourceTree = "<group>"; };
		EE4C2A551DAF9822008924A3 /* TodoListDemo.xib */ = {isa = PBXFileReference; fileEncoding = 4; lastKnownFileType = file.xib; path = TodoListDemo.xib; sourceTree = "<group>"; };
		EE4C2A561DAF9822008924A3 /* ThirdLibDemo.storyboard */ = {isa = PBXFileReference; fileEncoding = 4; lastKnownFileType = file.storyboard; path = ThirdLibDemo.storyboard; sourceTree = "<group>"; };
		EE4C2A571DAF9822008924A3 /* ThirdLibDemo.swift */ = {isa = PBXFileReference; fileEncoding = 4; lastKnownFileType = sourcecode.swift; path = ThirdLibDemo.swift; sourceTree = "<group>"; };
		EE4C2A591DAF9822008924A3 /* YYLibDemo.storyboard */ = {isa = PBXFileReference; fileEncoding = 4; lastKnownFileType = file.storyboard; path = YYLibDemo.storyboard; sourceTree = "<group>"; };
		EE4C2A5A1DAF9822008924A3 /* YYLibDemo.swift */ = {isa = PBXFileReference; fileEncoding = 4; lastKnownFileType = sourcecode.swift; path = YYLibDemo.swift; sourceTree = "<group>"; };
		EE4C2A5C1DAF9822008924A3 /* YYNoDataViewDemo.swift */ = {isa = PBXFileReference; fileEncoding = 4; lastKnownFileType = sourcecode.swift; path = YYNoDataViewDemo.swift; sourceTree = "<group>"; };
		EE4C2A5E1DAF9822008924A3 /* YYRefreshDemo.swift */ = {isa = PBXFileReference; fileEncoding = 4; lastKnownFileType = sourcecode.swift; path = YYRefreshDemo.swift; sourceTree = "<group>"; };
		EE4C2A5F1DAF9822008924A3 /* YYRefreshDemo.xib */ = {isa = PBXFileReference; fileEncoding = 4; lastKnownFileType = file.xib; path = YYRefreshDemo.xib; sourceTree = "<group>"; };
		EE4C2A611DAF9822008924A3 /* GoodsDetailContainerController.swift */ = {isa = PBXFileReference; fileEncoding = 4; lastKnownFileType = sourcecode.swift; path = GoodsDetailContainerController.swift; sourceTree = "<group>"; };
		EE4C2A621DAF9822008924A3 /* GoodsDetailGraphicViewController.swift */ = {isa = PBXFileReference; fileEncoding = 4; lastKnownFileType = sourcecode.swift; path = GoodsDetailGraphicViewController.swift; sourceTree = "<group>"; };
		EE4C2A651DAF9822008924A3 /* DemoCell.swift */ = {isa = PBXFileReference; fileEncoding = 4; lastKnownFileType = sourcecode.swift; path = DemoCell.swift; sourceTree = "<group>"; };
		EE4C2A661DAF9822008924A3 /* DemoCell.xib */ = {isa = PBXFileReference; fileEncoding = 4; lastKnownFileType = file.xib; path = DemoCell.xib; sourceTree = "<group>"; };
		EE4C2A671DAF9822008924A3 /* DemoCell2.swift */ = {isa = PBXFileReference; fileEncoding = 4; lastKnownFileType = sourcecode.swift; path = DemoCell2.swift; sourceTree = "<group>"; };
		EE4C2A681DAF9822008924A3 /* GoodsDetailViewController.swift */ = {isa = PBXFileReference; fileEncoding = 4; lastKnownFileType = sourcecode.swift; path = GoodsDetailViewController.swift; sourceTree = "<group>"; };
		EE4C2A6A1DAF9822008924A3 /* UsefulExperienceDemo.swift */ = {isa = PBXFileReference; fileEncoding = 4; lastKnownFileType = sourcecode.swift; path = UsefulExperienceDemo.swift; sourceTree = "<group>"; };
		EE4C2A6C1DAF9822008924A3 /* InnerScrollView.swift */ = {isa = PBXFileReference; fileEncoding = 4; lastKnownFileType = sourcecode.swift; path = InnerScrollView.swift; sourceTree = "<group>"; };
		EE4C2A6D1DAF9822008924A3 /* NestedScrollViewDemo.swift */ = {isa = PBXFileReference; fileEncoding = 4; lastKnownFileType = sourcecode.swift; path = NestedScrollViewDemo.swift; sourceTree = "<group>"; };
		EE4C2A6F1DAF9822008924A3 /* Assets.xcassets */ = {isa = PBXFileReference; lastKnownFileType = folder.assetcatalog; path = Assets.xcassets; sourceTree = "<group>"; };
		EE4C2A711DAF9822008924A3 /* Base */ = {isa = PBXFileReference; lastKnownFileType = file.storyboard; name = Base; path = Base.lproj/LaunchScreen.storyboard; sourceTree = "<group>"; };
		EE4C2AC31DAF9854008924A3 /* SnapKit.framework */ = {isa = PBXFileReference; lastKnownFileType = wrapper.framework; name = SnapKit.framework; path = Carthage/Build/iOS/SnapKit.framework; sourceTree = "<group>"; };
		EE4C2AC51DAF987B008924A3 /* Aspects.framework */ = {isa = PBXFileReference; lastKnownFileType = wrapper.framework; name = Aspects.framework; path = Carthage/Build/iOS/Aspects.framework; sourceTree = "<group>"; };
		EE4C2AC61DAF987B008924A3 /* CryptoSwift.framework */ = {isa = PBXFileReference; lastKnownFileType = wrapper.framework; name = CryptoSwift.framework; path = Carthage/Build/iOS/CryptoSwift.framework; sourceTree = "<group>"; };
		EE4C2AC71DAF987B008924A3 /* EZSwiftExtensions.framework */ = {isa = PBXFileReference; lastKnownFileType = wrapper.framework; name = EZSwiftExtensions.framework; path = Carthage/Build/iOS/EZSwiftExtensions.framework; sourceTree = "<group>"; };
		EE4C2AC81DAF987B008924A3 /* HandyJSON.framework */ = {isa = PBXFileReference; lastKnownFileType = wrapper.framework; name = HandyJSON.framework; path = Carthage/Build/iOS/HandyJSON.framework; sourceTree = "<group>"; };
		EE4C2AC91DAF987B008924A3 /* Kingfisher.framework */ = {isa = PBXFileReference; lastKnownFileType = wrapper.framework; name = Kingfisher.framework; path = Carthage/Build/iOS/Kingfisher.framework; sourceTree = "<group>"; };
		EE4C2ACA1DAF987B008924A3 /* PermissionScope.framework */ = {isa = PBXFileReference; lastKnownFileType = wrapper.framework; name = PermissionScope.framework; path = Carthage/Build/iOS/PermissionScope.framework; sourceTree = "<group>"; };
		EE4C2B621DAF9B3A008924A3 /* YYSDK.framework */ = {isa = PBXFileReference; explicitFileType = wrapper.framework; includeInIndex = 0; path = YYSDK.framework; sourceTree = BUILT_PRODUCTS_DIR; };
		EE4C2B641DAF9B3A008924A3 /* YYSDK.h */ = {isa = PBXFileReference; lastKnownFileType = sourcecode.c.h; path = YYSDK.h; sourceTree = "<group>"; };
		EE4C2B651DAF9B3A008924A3 /* Info.plist */ = {isa = PBXFileReference; lastKnownFileType = text.plist.xml; path = Info.plist; sourceTree = "<group>"; };
		EE4C2B711DAF9B6A008924A3 /* Array+YYSDK.swift */ = {isa = PBXFileReference; fileEncoding = 4; lastKnownFileType = sourcecode.swift; path = "Array+YYSDK.swift"; sourceTree = "<group>"; };
		EE4C2B731DAF9B6A008924A3 /* Bool+YYSDK.swift */ = {isa = PBXFileReference; fileEncoding = 4; lastKnownFileType = sourcecode.swift; path = "Bool+YYSDK.swift"; sourceTree = "<group>"; };
		EE4C2B751DAF9B6A008924A3 /* NSData+YYSDK.swift */ = {isa = PBXFileReference; fileEncoding = 4; lastKnownFileType = sourcecode.swift; path = "NSData+YYSDK.swift"; sourceTree = "<group>"; };
		EE4C2B771DAF9B6A008924A3 /* Date+YYSDK.swift */ = {isa = PBXFileReference; fileEncoding = 4; lastKnownFileType = sourcecode.swift; path = "Date+YYSDK.swift"; sourceTree = "<group>"; };
		EE4C2B791DAF9B6A008924A3 /* Dictionary+YYSDK.swift */ = {isa = PBXFileReference; fileEncoding = 4; lastKnownFileType = sourcecode.swift; path = "Dictionary+YYSDK.swift"; sourceTree = "<group>"; };
		EE4C2B7B1DAF9B6A008924A3 /* NSObject+YYSDK.swift */ = {isa = PBXFileReference; fileEncoding = 4; lastKnownFileType = sourcecode.swift; path = "NSObject+YYSDK.swift"; sourceTree = "<group>"; };
		EE4C2B7D1DAF9B6A008924A3 /* NSAttributedString+YYSDK.swift */ = {isa = PBXFileReference; fileEncoding = 4; lastKnownFileType = sourcecode.swift; path = "NSAttributedString+YYSDK.swift"; sourceTree = "<group>"; };
		EE4C2B7E1DAF9B6A008924A3 /* String+YYSDK.swift */ = {isa = PBXFileReference; fileEncoding = 4; lastKnownFileType = sourcecode.swift; path = "String+YYSDK.swift"; sourceTree = "<group>"; };
		EE4C2B811DAF9B6A008924A3 /* SKView+YYSDK.swift */ = {isa = PBXFileReference; fileEncoding = 4; lastKnownFileType = sourcecode.swift; path = "SKView+YYSDK.swift"; sourceTree = "<group>"; };
		EE4C2B841DAF9B6A008924A3 /* UIApplication+YYSDK.swift */ = {isa = PBXFileReference; fileEncoding = 4; lastKnownFileType = sourcecode.swift; path = "UIApplication+YYSDK.swift"; sourceTree = "<group>"; };
		EE4C2B861DAF9B6A008924A3 /* UIButton+YYSDK.swift */ = {isa = PBXFileReference; fileEncoding = 4; lastKnownFileType = sourcecode.swift; path = "UIButton+YYSDK.swift"; sourceTree = "<group>"; };
		EE4C2B881DAF9B6A008924A3 /* UIColor+YYSDK.swift */ = {isa = PBXFileReference; fileEncoding = 4; lastKnownFileType = sourcecode.swift; path = "UIColor+YYSDK.swift"; sourceTree = "<group>"; };
		EE4C2B8A1DAF9B6A008924A3 /* UIImage+YYSDK.swift */ = {isa = PBXFileReference; fileEncoding = 4; lastKnownFileType = sourcecode.swift; path = "UIImage+YYSDK.swift"; sourceTree = "<group>"; };
		EE4C2B8C1DAF9B6A008924A3 /* UINavigationBar+YYSDK.swift */ = {isa = PBXFileReference; fileEncoding = 4; lastKnownFileType = sourcecode.swift; path = "UINavigationBar+YYSDK.swift"; sourceTree = "<group>"; };
		EE4C2B8E1DAF9B6A008924A3 /* UIPanGestureRecognizer+YYSDK.swift */ = {isa = PBXFileReference; fileEncoding = 4; lastKnownFileType = sourcecode.swift; path = "UIPanGestureRecognizer+YYSDK.swift"; sourceTree = "<group>"; };
		EE4C2B901DAF9B6A008924A3 /* UIScrollView+YYSDK.swift */ = {isa = PBXFileReference; fileEncoding = 4; lastKnownFileType = sourcecode.swift; path = "UIScrollView+YYSDK.swift"; sourceTree = "<group>"; };
		EE4C2B921DAF9B6A008924A3 /* UITabBarController+YYSDK.swift */ = {isa = PBXFileReference; fileEncoding = 4; lastKnownFileType = sourcecode.swift; path = "UITabBarController+YYSDK.swift"; sourceTree = "<group>"; };
		EE4C2B941DAF9B6A008924A3 /* UITableView+YYSDK.swift */ = {isa = PBXFileReference; fileEncoding = 4; lastKnownFileType = sourcecode.swift; path = "UITableView+YYSDK.swift"; sourceTree = "<group>"; };
		EE4C2B961DAF9B6A008924A3 /* UIView+YYSDK.swift */ = {isa = PBXFileReference; fileEncoding = 4; lastKnownFileType = sourcecode.swift; path = "UIView+YYSDK.swift"; sourceTree = "<group>"; };
		EE4C2B981DAF9B6A008924A3 /* ViewController+YYSDK.swift */ = {isa = PBXFileReference; fileEncoding = 4; lastKnownFileType = sourcecode.swift; path = "ViewController+YYSDK.swift"; sourceTree = "<group>"; };
		EE4C2B9A1DAF9B6A008924A3 /* UIWebView+YYSDK.swift */ = {isa = PBXFileReference; fileEncoding = 4; lastKnownFileType = sourcecode.swift; path = "UIWebView+YYSDK.swift"; sourceTree = "<group>"; };
		EE4C2B9C1DAF9B6A008924A3 /* WKWebView+YYSDK.swift */ = {isa = PBXFileReference; fileEncoding = 4; lastKnownFileType = sourcecode.swift; path = "WKWebView+YYSDK.swift"; sourceTree = "<group>"; };
		EE4C2B9E1DAF9B6A008924A3 /* YYClosure.swift */ = {isa = PBXFileReference; fileEncoding = 4; lastKnownFileType = sourcecode.swift; path = YYClosure.swift; sourceTree = "<group>"; };
		EE4C2B9F1DAF9B6A008924A3 /* YYEnum.swift */ = {isa = PBXFileReference; fileEncoding = 4; lastKnownFileType = sourcecode.swift; path = YYEnum.swift; sourceTree = "<group>"; };
		EE4C2BA01DAF9B6A008924A3 /* YYProtocol.swift */ = {isa = PBXFileReference; fileEncoding = 4; lastKnownFileType = sourcecode.swift; path = YYProtocol.swift; sourceTree = "<group>"; };
		EE4C2BA11DAF9B6A008924A3 /* YYStruct.swift */ = {isa = PBXFileReference; fileEncoding = 4; lastKnownFileType = sourcecode.swift; path = YYStruct.swift; sourceTree = "<group>"; };
		EE4C2BA21DAF9B6A008924A3 /* YYSystemNotification.swift */ = {isa = PBXFileReference; fileEncoding = 4; lastKnownFileType = sourcecode.swift; path = YYSystemNotification.swift; sourceTree = "<group>"; };
		EE4C2BA51DAF9B6A008924A3 /* YYAnimation.swift */ = {isa = PBXFileReference; fileEncoding = 4; lastKnownFileType = sourcecode.swift; path = YYAnimation.swift; sourceTree = "<group>"; };
		EE4C2BA71DAF9B6A008924A3 /* YYButton.swift */ = {isa = PBXFileReference; fileEncoding = 4; lastKnownFileType = sourcecode.swift; path = YYButton.swift; sourceTree = "<group>"; };
		EE4C2BA81DAF9B6A008924A3 /* YYImageView.swift */ = {isa = PBXFileReference; fileEncoding = 4; lastKnownFileType = sourcecode.swift; path = YYImageView.swift; sourceTree = "<group>"; };
		EE4C2BA91DAF9B6A008924A3 /* YYLabel.swift */ = {isa = PBXFileReference; fileEncoding = 4; lastKnownFileType = sourcecode.swift; path = YYLabel.swift; sourceTree = "<group>"; };
		EE4C2BAA1DAF9B6A008924A3 /* YYView.swift */ = {isa = PBXFileReference; fileEncoding = 4; lastKnownFileType = sourcecode.swift; path = YYView.swift; sourceTree = "<group>"; };
		EE4C2BAC1DAF9B6A008924A3 /* YYDim.swift */ = {isa = PBXFileReference; fileEncoding = 4; lastKnownFileType = sourcecode.swift; path = YYDim.swift; sourceTree = "<group>"; };
		EE4C2BAE1DAF9B6A008924A3 /* YYEnvironment.swift */ = {isa = PBXFileReference; fileEncoding = 4; lastKnownFileType = sourcecode.swift; path = YYEnvironment.swift; sourceTree = "<group>"; };
		EE4C2BB01DAF9B6A008924A3 /* YYGCD.swift */ = {isa = PBXFileReference; fileEncoding = 4; lastKnownFileType = sourcecode.swift; path = YYGCD.swift; sourceTree = "<group>"; };
		EE4C2BB11DAF9B6A008924A3 /* YYGCDGroup.swift */ = {isa = PBXFileReference; fileEncoding = 4; lastKnownFileType = sourcecode.swift; path = YYGCDGroup.swift; sourceTree = "<group>"; };
		EE4C2BB31DAF9B6A008924A3 /* YYHttp.swift */ = {isa = PBXFileReference; fileEncoding = 4; lastKnownFileType = sourcecode.swift; path = YYHttp.swift; sourceTree = "<group>"; };
		EE4C2BB51DAF9B6A008924A3 /* YYImageBrowser.swift */ = {isa = PBXFileReference; fileEncoding = 4; lastKnownFileType = sourcecode.swift; path = YYImageBrowser.swift; sourceTree = "<group>"; };
		EE4C2BB71DAF9B6A008924A3 /* YYLogger.swift */ = {isa = PBXFileReference; fileEncoding = 4; lastKnownFileType = sourcecode.swift; path = YYLogger.swift; sourceTree = "<group>"; };
		EE4C2BB91DAF9B6A008924A3 /* YYNoDataView.swift */ = {isa = PBXFileReference; fileEncoding = 4; lastKnownFileType = sourcecode.swift; path = YYNoDataView.swift; sourceTree = "<group>"; };
		EE4C2BBA1DAF9B6A008924A3 /* YYNoDataView.xib */ = {isa = PBXFileReference; fileEncoding = 4; lastKnownFileType = file.xib; path = YYNoDataView.xib; sourceTree = "<group>"; };
		EE4C2BBB1DAF9B6A008924A3 /* YYNoDataViewImage@2x.png */ = {isa = PBXFileReference; lastKnownFileType = image.png; path = "YYNoDataViewImage@2x.png"; sourceTree = "<group>"; };
		EE4C2BBD1DAF9B6A008924A3 /* YYRefresh.bundle */ = {isa = PBXFileReference; lastKnownFileType = "wrapper.plug-in"; path = YYRefresh.bundle; sourceTree = "<group>"; };
		EE4C2BBE1DAF9B6A008924A3 /* YYRefresh.swift */ = {isa = PBXFileReference; fileEncoding = 4; lastKnownFileType = sourcecode.swift; path = YYRefresh.swift; sourceTree = "<group>"; };
		EE4C2BBF1DAF9B6A008924A3 /* YYRefreshFoundation.swift */ = {isa = PBXFileReference; fileEncoding = 4; lastKnownFileType = sourcecode.swift; path = YYRefreshFoundation.swift; sourceTree = "<group>"; };
		EE4C2BC01DAF9B6A008924A3 /* YYRefreshView.swift */ = {isa = PBXFileReference; fileEncoding = 4; lastKnownFileType = sourcecode.swift; path = YYRefreshView.swift; sourceTree = "<group>"; };
		EE4C2BC21DAF9B6A008924A3 /* YYRenderableTableView.swift */ = {isa = PBXFileReference; fileEncoding = 4; lastKnownFileType = sourcecode.swift; path = YYRenderableTableView.swift; sourceTree = "<group>"; };
		EE4C2BC41DAF9B6A008924A3 /* YYXibView.swift */ = {isa = PBXFileReference; fileEncoding = 4; lastKnownFileType = sourcecode.swift; path = YYXibView.swift; sourceTree = "<group>"; };
		EE50A6D21D9BDAAA00B70B3F /* Alamofire.framework */ = {isa = PBXFileReference; lastKnownFileType = wrapper.framework; name = Alamofire.framework; path = Carthage/Build/iOS/Alamofire.framework; sourceTree = "<group>"; };
		EEAC1C051D9A4EE000A40191 /* KeychainAccess.framework */ = {isa = PBXFileReference; lastKnownFileType = wrapper.framework; name = KeychainAccess.framework; path = Carthage/Build/iOS/KeychainAccess.framework; sourceTree = "<group>"; };
		EEF501D31D815AB800FF90B0 /* SwiftSum.app */ = {isa = PBXFileReference; explicitFileType = wrapper.application; includeInIndex = 0; path = SwiftSum.app; sourceTree = BUILT_PRODUCTS_DIR; };
/* End PBXFileReference section */

/* Begin PBXFrameworksBuildPhase section */
		EE4C2B5E1DAF9B3A008924A3 /* Frameworks */ = {
			isa = PBXFrameworksBuildPhase;
			buildActionMask = 2147483647;
			files = (
				EE4C2BF51DAF9BD2008924A3 /* Alamofire.framework in Frameworks */,
			);
			runOnlyForDeploymentPostprocessing = 0;
		};
		EEF501D01D815AB800FF90B0 /* Frameworks */ = {
			isa = PBXFrameworksBuildPhase;
			buildActionMask = 2147483647;
			files = (
				EE4C2AD01DAF987C008924A3 /* PermissionScope.framework in Frameworks */,
				EE4C2ACF1DAF987C008924A3 /* Kingfisher.framework in Frameworks */,
				EE4C2ACC1DAF987B008924A3 /* CryptoSwift.framework in Frameworks */,
				EE4C2B691DAF9B3A008924A3 /* YYSDK.framework in Frameworks */,
				EEDC25371D9CC32200CE6D96 /* Alamofire.framework in Frameworks */,
				EE4C2ACD1DAF987B008924A3 /* EZSwiftExtensions.framework in Frameworks */,
				EE4C2ACE1DAF987C008924A3 /* HandyJSON.framework in Frameworks */,
				EEAC1C061D9A4EE100A40191 /* KeychainAccess.framework in Frameworks */,
				EE38FCFB1D9BBFBD004CC33E /* ReSwift.framework in Frameworks */,
				EE4C2ACB1DAF987B008924A3 /* Aspects.framework in Frameworks */,
				EE4C2AC41DAF9854008924A3 /* SnapKit.framework in Frameworks */,
			);
			runOnlyForDeploymentPostprocessing = 0;
		};
/* End PBXFrameworksBuildPhase section */

/* Begin PBXGroup section */
		EE4C29F11DAF9822008924A3 /* SwiftSum */ = {
			isa = PBXGroup;
			children = (
				EE4C29F21DAF9822008924A3 /* App */,
				EE4C29F61DAF9822008924A3 /* Module */,
				EE4C2A6E1DAF9822008924A3 /* Resource */,
			);
			path = SwiftSum;
			sourceTree = "<group>";
		};
		EE4C29F21DAF9822008924A3 /* App */ = {
			isa = PBXGroup;
			children = (
				EE4C29F31DAF9822008924A3 /* AppDelegate.swift */,
				EE4C29F41DAF9822008924A3 /* AppInfo.swift */,
				EE4C29F51DAF9822008924A3 /* Info.plist */,
			);
			path = App;
			sourceTree = "<group>";
		};
		EE4C29F61DAF9822008924A3 /* Module */ = {
			isa = PBXGroup;
			children = (
				EE4C29F71DAF9822008924A3 /* Base */,
				EE4C29FB1DAF9822008924A3 /* Game */,
				EE4C2A081DAF9822008924A3 /* Main */,
				EE4C2A0C1DAF9822008924A3 /* SwiftLearnDemo */,
				EE4C2A161DAF9822008924A3 /* SystemDemo */,
				EE4C2A3F1DAF9822008924A3 /* ThirdLibDemo */,
				EE4C2A581DAF9822008924A3 /* YYLibDemo */,
			);
			path = Module;
			sourceTree = "<group>";
		};
		EE4C29F71DAF9822008924A3 /* Base */ = {
			isa = PBXGroup;
			children = (
				EE4C29F81DAF9822008924A3 /* YYBaseDemoController.swift */,
				EE4C29F91DAF9822008924A3 /* YYBaseNavigationController.swift */,
				EE4C29FA1DAF9822008924A3 /* YYBaseTabBarController.swift */,
			);
			path = Base;
			sourceTree = "<group>";
		};
		EE4C29FB1DAF9822008924A3 /* Game */ = {
			isa = PBXGroup;
			children = (
				EE4C29FC1DAF9822008924A3 /* Game.xcassets */,
				EE4C29FD1DAF9822008924A3 /* GameDemo.storyboard */,
				EE4C29FE1DAF9822008924A3 /* GameDemo.swift */,
				EE4C29FF1DAF9822008924A3 /* Sounds */,
				EE4C2A041DAF9822008924A3 /* SpriteKitGuide */,
			);
			path = Game;
			sourceTree = "<group>";
		};
		EE4C29FF1DAF9822008924A3 /* Sounds */ = {
			isa = PBXGroup;
			children = (
				EE4C2A001DAF9822008924A3 /* BackgroundMusic.mp3 */,
				EE4C2A011DAF9822008924A3 /* coin.wav */,
				EE4C2A021DAF9822008924A3 /* explosion.mp3 */,
				EE4C2A031DAF9822008924A3 /* jump.wav */,
			);
			path = Sounds;
			sourceTree = "<group>";
		};
		EE4C2A041DAF9822008924A3 /* SpriteKitGuide */ = {
			isa = PBXGroup;
			children = (
				EE4C2A051DAF9822008924A3 /* HelloScene.swift */,
				EE4C2A061DAF9822008924A3 /* Spaceship.swift */,
				EE4C2A071DAF9822008924A3 /* SpriteViewController.swift */,
			);
			path = SpriteKitGuide;
			sourceTree = "<group>";
		};
		EE4C2A081DAF9822008924A3 /* Main */ = {
			isa = PBXGroup;
			children = (
				EE4C2A091DAF9822008924A3 /* Main.storyboard */,
				EE4C2A0B1DAF9822008924A3 /* MainController.swift */,
			);
			path = Main;
			sourceTree = "<group>";
		};
		EE4C2A0C1DAF9822008924A3 /* SwiftLearnDemo */ = {
			isa = PBXGroup;
			children = (
				EE4C2A0D1DAF9822008924A3 /* SwiftLearn.swift */,
				EE4C2A0E1DAF9822008924A3 /* SwiftLearnDemo.swift */,
				EE4C2A0F1DAF9822008924A3 /* Swift各版本语言变化 */,
				EE4C2A121DAF9822008924A3 /* Swift官方指导 */,
				EE4C2A141DAF9822008924A3 /* Swift编程技巧 */,
			);
			path = SwiftLearnDemo;
			sourceTree = "<group>";
		};
		EE4C2A0F1DAF9822008924A3 /* Swift各版本语言变化 */ = {
			isa = PBXGroup;
			children = (
				EE4C2A101DAF9822008924A3 /* Swift2.2.playground */,
				EE4C2A111DAF9822008924A3 /* Swift3.0.playground */,
			);
			path = "Swift各版本语言变化";
			sourceTree = "<group>";
		};
		EE4C2A121DAF9822008924A3 /* Swift官方指导 */ = {
			isa = PBXGroup;
			children = (
				EE4C2A131DAF9822008924A3 /* 01-基础部分.playground */,
			);
			path = "Swift官方指导";
			sourceTree = "<group>";
		};
		EE4C2A141DAF9822008924A3 /* Swift编程技巧 */ = {
			isa = PBXGroup;
			children = (
				EE4C2A151DAF9822008924A3 /* SwiftTips.swift */,
			);
			path = "Swift编程技巧";
			sourceTree = "<group>";
		};
		EE4C2A161DAF9822008924A3 /* SystemDemo */ = {
			isa = PBXGroup;
			children = (
				EE4C2A171DAF9822008924A3 /* 3DTouchDemo */,
				EE4C2A1A1DAF9822008924A3 /* SystemDemo.storyboard */,
				EE4C2A1B1DAF9822008924A3 /* SystemDemo.swift */,
				EE4C2A1C1DAF9822008924A3 /* 函数式编程 */,
				EE4C2A1F1DAF9822008924A3 /* 常用系统控件demo */,
				EE4C2A221DAF9822008924A3 /* 核心动画高级技巧 */,
			);
			path = SystemDemo;
			sourceTree = "<group>";
		};
		EE4C2A171DAF9822008924A3 /* 3DTouchDemo */ = {
			isa = PBXGroup;
			children = (
				EE4C2A181DAF9822008924A3 /* ThreeTouchDemo.swift */,
				EE4C2A191DAF9822008924A3 /* ThreeTouchDemo.xib */,
			);
			path = 3DTouchDemo;
			sourceTree = "<group>";
		};
		EE4C2A1C1DAF9822008924A3 /* 函数式编程 */ = {
			isa = PBXGroup;
			children = (
				EE4C2A1D1DAF9822008924A3 /* CoreImageDemo.swift */,
				EE4C2A1E1DAF9822008924A3 /* FunctionalDemo.swift */,
			);
			path = "函数式编程";
			sourceTree = "<group>";
		};
		EE4C2A1F1DAF9822008924A3 /* 常用系统控件demo */ = {
			isa = PBXGroup;
			children = (
				EE4C2A201DAF9822008924A3 /* UIKitDemo.swift */,
				EE4C2A211DAF9822008924A3 /* UIViewControllerDemo.swift */,
			);
			path = "常用系统控件demo";
			sourceTree = "<group>";
		};
		EE4C2A221DAF9822008924A3 /* 核心动画高级技巧 */ = {
			isa = PBXGroup;
			children = (
				EE4C2A231DAF9822008924A3 /* 10-缓冲 */,
				EE4C2A261DAF9822008924A3 /* 2-寄宿图 */,
				EE4C2A291DAF9822008924A3 /* 3-图层几何学 */,
				EE4C2A2C1DAF9822008924A3 /* 4-视觉效果 */,
				EE4C2A2F1DAF9822008924A3 /* 5-转换 */,
				EE4C2A341DAF9822008924A3 /* 7-隐式动画 */,
				EE4C2A371DAF9822008924A3 /* 8-显式动画 */,
				EE4C2A3A1DAF9822008924A3 /* 9-图层时间 */,
				EE4C2A3D1DAF9822008924A3 /* CoreAnimation.xcassets */,
				EE4C2A3E1DAF9822008924A3 /* CoreAnimationDemo.swift */,
			);
			path = "核心动画高级技巧";
			sourceTree = "<group>";
		};
		EE4C2A231DAF9822008924A3 /* 10-缓冲 */ = {
			isa = PBXGroup;
			children = (
				EE4C2A241DAF9822008924A3 /* EasingDemo.swift */,
				EE4C2A251DAF9822008924A3 /* EasingDemo.xib */,
			);
			path = "10-缓冲";
			sourceTree = "<group>";
		};
		EE4C2A261DAF9822008924A3 /* 2-寄宿图 */ = {
			isa = PBXGroup;
			children = (
				EE4C2A271DAF9822008924A3 /* BackingImageDemo.swift */,
				EE4C2A281DAF9822008924A3 /* BackingImageDemo.xib */,
			);
			path = "2-寄宿图";
			sourceTree = "<group>";
		};
		EE4C2A291DAF9822008924A3 /* 3-图层几何学 */ = {
			isa = PBXGroup;
			children = (
				EE4C2A2A1DAF9822008924A3 /* LayerGeometryDemo.swift */,
				EE4C2A2B1DAF9822008924A3 /* LayerGeometryDemo.xib */,
			);
			path = "3-图层几何学";
			sourceTree = "<group>";
		};
		EE4C2A2C1DAF9822008924A3 /* 4-视觉效果 */ = {
			isa = PBXGroup;
			children = (
				EE4C2A2D1DAF9822008924A3 /* VisualEffectsDemo.swift */,
				EE4C2A2E1DAF9822008924A3 /* VisualEffectsDemo.xib */,
			);
			path = "4-视觉效果";
			sourceTree = "<group>";
		};
		EE4C2A2F1DAF9822008924A3 /* 5-转换 */ = {
			isa = PBXGroup;
			children = (
				EE4C2A301DAF9822008924A3 /* CubeView.swift */,
				EE4C2A311DAF9822008924A3 /* CubeView.xib */,
				EE4C2A321DAF9822008924A3 /* TransformDemo.swift */,
				EE4C2A331DAF9822008924A3 /* TransformDemo.xib */,
			);
			path = "5-转换";
			sourceTree = "<group>";
		};
		EE4C2A341DAF9822008924A3 /* 7-隐式动画 */ = {
			isa = PBXGroup;
			children = (
				EE4C2A351DAF9822008924A3 /* ImplicitAnimationsDemo.swift */,
				EE4C2A361DAF9822008924A3 /* ImplicitAnimationsDemo.xib */,
			);
			path = "7-隐式动画";
			sourceTree = "<group>";
		};
		EE4C2A371DAF9822008924A3 /* 8-显式动画 */ = {
			isa = PBXGroup;
			children = (
				EE4C2A381DAF9822008924A3 /* ExpliciteAnimationDemo.swift */,
				EE4C2A391DAF9822008924A3 /* ExpliciteAnimationDemo.xib */,
			);
			path = "8-显式动画";
			sourceTree = "<group>";
		};
		EE4C2A3A1DAF9822008924A3 /* 9-图层时间 */ = {
			isa = PBXGroup;
			children = (
				EE4C2A3B1DAF9822008924A3 /* LayerTimerDemo.swift */,
				EE4C2A3C1DAF9822008924A3 /* LayerTimerDemo.xib */,
			);
			path = "9-图层时间";
			sourceTree = "<group>";
		};
		EE4C2A3F1DAF9822008924A3 /* ThirdLibDemo */ = {
			isa = PBXGroup;
			children = (
				EE4C2A401DAF9822008924A3 /* Alamofire */,
				EE4C2A421DAF9822008924A3 /* ReSwiftDemo */,
				EE4C2A561DAF9822008924A3 /* ThirdLibDemo.storyboard */,
				EE4C2A571DAF9822008924A3 /* ThirdLibDemo.swift */,
			);
			path = ThirdLibDemo;
			sourceTree = "<group>";
		};
		EE4C2A401DAF9822008924A3 /* Alamofire */ = {
			isa = PBXGroup;
			children = (
				EE4C2A411DAF9822008924A3 /* AlamofireDemo.swift */,
			);
			path = Alamofire;
			sourceTree = "<group>";
		};
		EE4C2A421DAF9822008924A3 /* ReSwiftDemo */ = {
			isa = PBXGroup;
			children = (
				EE4C2A431DAF9822008924A3 /* ReduxDemo.swift */,
				EE4C2A441DAF9822008924A3 /* TodoList应用 */,
			);
			path = ReSwiftDemo;
			sourceTree = "<group>";
		};
		EE4C2A441DAF9822008924A3 /* TodoList应用 */ = {
			isa = PBXGroup;
			children = (
				EE4C2A451DAF9822008924A3 /* Component */,
				EE4C2A4C1DAF9822008924A3 /* Redux版本 */,
				EE4C2A531DAF9822008924A3 /* 组件版本 */,
			);
			path = "TodoList应用";
			sourceTree = "<group>";
		};
		EE4C2A451DAF9822008924A3 /* Component */ = {
			isa = PBXGroup;
			children = (
				EE4C2A461DAF9822008924A3 /* TodoFooter.swift */,
				EE4C2A471DAF9822008924A3 /* TodoFooter.xib */,
				EE4C2A481DAF9822008924A3 /* TodoHeader.swift */,
				EE4C2A491DAF9822008924A3 /* TodoHeader.xib */,
				EE4C2A4A1DAF9822008924A3 /* TodoList.swift */,
				EE4C2A4B1DAF9822008924A3 /* TodoList.xib */,
			);
			path = Component;
			sourceTree = "<group>";
		};
		EE4C2A4C1DAF9822008924A3 /* Redux版本 */ = {
			isa = PBXGroup;
			children = (
				EE4C2A4D1DAF9822008924A3 /* Action */,
				EE4C2A4F1DAF9822008924A3 /* Reducer */,
				EE4C2A511DAF9822008924A3 /* TodoListReduxDemo.swift */,
				EE4C2A521DAF9822008924A3 /* TodoListReduxDemo.xib */,
			);
			path = "Redux版本";
			sourceTree = "<group>";
		};
		EE4C2A4D1DAF9822008924A3 /* Action */ = {
			isa = PBXGroup;
			children = (
				EE4C2A4E1DAF9822008924A3 /* TodoListAction.swift */,
			);
			path = Action;
			sourceTree = "<group>";
		};
		EE4C2A4F1DAF9822008924A3 /* Reducer */ = {
			isa = PBXGroup;
			children = (
				EE4C2A501DAF9822008924A3 /* TodoListReducer.swift */,
			);
			path = Reducer;
			sourceTree = "<group>";
		};
		EE4C2A531DAF9822008924A3 /* 组件版本 */ = {
			isa = PBXGroup;
			children = (
				EE4C2A541DAF9822008924A3 /* TodoListDemo.swift */,
				EE4C2A551DAF9822008924A3 /* TodoListDemo.xib */,
			);
			path = "组件版本";
			sourceTree = "<group>";
		};
		EE4C2A581DAF9822008924A3 /* YYLibDemo */ = {
			isa = PBXGroup;
			children = (
				EE4C2A591DAF9822008924A3 /* YYLibDemo.storyboard */,
				EE4C2A5A1DAF9822008924A3 /* YYLibDemo.swift */,
				EE4C2A5B1DAF9822008924A3 /* YYNoDataViewDemo */,
				EE4C2A5D1DAF9822008924A3 /* YYRefreshDemo */,
				EE4C2A601DAF9822008924A3 /* 仿淘宝商品详情 */,
				EE4C2A691DAF9822008924A3 /* 实用经验技巧 */,
			);
			path = YYLibDemo;
			sourceTree = "<group>";
		};
		EE4C2A5B1DAF9822008924A3 /* YYNoDataViewDemo */ = {
			isa = PBXGroup;
			children = (
				EE4C2A5C1DAF9822008924A3 /* YYNoDataViewDemo.swift */,
			);
			path = YYNoDataViewDemo;
			sourceTree = "<group>";
		};
		EE4C2A5D1DAF9822008924A3 /* YYRefreshDemo */ = {
			isa = PBXGroup;
			children = (
				EE4C2A5E1DAF9822008924A3 /* YYRefreshDemo.swift */,
				EE4C2A5F1DAF9822008924A3 /* YYRefreshDemo.xib */,
			);
			path = YYRefreshDemo;
			sourceTree = "<group>";
		};
		EE4C2A601DAF9822008924A3 /* 仿淘宝商品详情 */ = {
			isa = PBXGroup;
			children = (
				EE4C2A611DAF9822008924A3 /* GoodsDetailContainerController.swift */,
				EE4C2A621DAF9822008924A3 /* GoodsDetailGraphicViewController.swift */,
				EE4C2A631DAF9822008924A3 /* GoodsDetailViewController */,
			);
			path = "仿淘宝商品详情";
			sourceTree = "<group>";
		};
		EE4C2A631DAF9822008924A3 /* GoodsDetailViewController */ = {
			isa = PBXGroup;
			children = (
				EE4C2A641DAF9822008924A3 /* DemoCell */,
				EE4C2A671DAF9822008924A3 /* DemoCell2.swift */,
				EE4C2A681DAF9822008924A3 /* GoodsDetailViewController.swift */,
			);
			path = GoodsDetailViewController;
			sourceTree = "<group>";
		};
		EE4C2A641DAF9822008924A3 /* DemoCell */ = {
			isa = PBXGroup;
			children = (
				EE4C2A651DAF9822008924A3 /* DemoCell.swift */,
				EE4C2A661DAF9822008924A3 /* DemoCell.xib */,
			);
			path = DemoCell;
			sourceTree = "<group>";
		};
		EE4C2A691DAF9822008924A3 /* 实用经验技巧 */ = {
			isa = PBXGroup;
			children = (
				EE4C2A6A1DAF9822008924A3 /* UsefulExperienceDemo.swift */,
				EE4C2A6B1DAF9822008924A3 /* 嵌套的ScrollView事件响应 */,
			);
			path = "实用经验技巧";
			sourceTree = "<group>";
		};
		EE4C2A6B1DAF9822008924A3 /* 嵌套的ScrollView事件响应 */ = {
			isa = PBXGroup;
			children = (
				EE4C2A6C1DAF9822008924A3 /* InnerScrollView.swift */,
				EE4C2A6D1DAF9822008924A3 /* NestedScrollViewDemo.swift */,
			);
			path = "嵌套的ScrollView事件响应";
			sourceTree = "<group>";
		};
		EE4C2A6E1DAF9822008924A3 /* Resource */ = {
			isa = PBXGroup;
			children = (
				EE4C2A6F1DAF9822008924A3 /* Assets.xcassets */,
				EE4C2A701DAF9822008924A3 /* LaunchScreen.storyboard */,
			);
			path = Resource;
			sourceTree = "<group>";
		};
		EE4C2B631DAF9B3A008924A3 /* YYSDK */ = {
			isa = PBXGroup;
			children = (
				EE4C2B641DAF9B3A008924A3 /* YYSDK.h */,
				EE4C2B651DAF9B3A008924A3 /* Info.plist */,
				EE4C2B6E1DAF9B6A008924A3 /* YYCategory */,
				EE4C2B9D1DAF9B6A008924A3 /* YYFoundation */,
				EE4C2BA31DAF9B6A008924A3 /* YYLib */,
			);
			path = YYSDK;
			sourceTree = "<group>";
		};
		EE4C2B6E1DAF9B6A008924A3 /* YYCategory */ = {
			isa = PBXGroup;
			children = (
				EE4C2B6F1DAF9B6A008924A3 /* Foudation */,
				EE4C2B7F1DAF9B6A008924A3 /* SpriteKit */,
				EE4C2B821DAF9B6A008924A3 /* UIKit */,
			);
			path = YYCategory;
			sourceTree = "<group>";
		};
		EE4C2B6F1DAF9B6A008924A3 /* Foudation */ = {
			isa = PBXGroup;
			children = (
				EE4C2B701DAF9B6A008924A3 /* Array */,
				EE4C2B721DAF9B6A008924A3 /* BooleanType */,
				EE4C2B741DAF9B6A008924A3 /* Data */,
				EE4C2B761DAF9B6A008924A3 /* Date */,
				EE4C2B781DAF9B6A008924A3 /* Dictionary */,
				EE4C2B7A1DAF9B6A008924A3 /* NSObject */,
				EE4C2B7C1DAF9B6A008924A3 /* String */,
			);
			path = Foudation;
			sourceTree = "<group>";
		};
		EE4C2B701DAF9B6A008924A3 /* Array */ = {
			isa = PBXGroup;
			children = (
				EE4C2B711DAF9B6A008924A3 /* Array+YYSDK.swift */,
			);
			path = Array;
			sourceTree = "<group>";
		};
		EE4C2B721DAF9B6A008924A3 /* BooleanType */ = {
			isa = PBXGroup;
			children = (
				EE4C2B731DAF9B6A008924A3 /* Bool+YYSDK.swift */,
			);
			path = BooleanType;
			sourceTree = "<group>";
		};
		EE4C2B741DAF9B6A008924A3 /* Data */ = {
			isa = PBXGroup;
			children = (
				EE4C2B751DAF9B6A008924A3 /* NSData+YYSDK.swift */,
			);
			path = Data;
			sourceTree = "<group>";
		};
		EE4C2B761DAF9B6A008924A3 /* Date */ = {
			isa = PBXGroup;
			children = (
				EE4C2B771DAF9B6A008924A3 /* Date+YYSDK.swift */,
			);
			path = Date;
			sourceTree = "<group>";
		};
		EE4C2B781DAF9B6A008924A3 /* Dictionary */ = {
			isa = PBXGroup;
			children = (
				EE4C2B791DAF9B6A008924A3 /* Dictionary+YYSDK.swift */,
			);
			path = Dictionary;
			sourceTree = "<group>";
		};
		EE4C2B7A1DAF9B6A008924A3 /* NSObject */ = {
			isa = PBXGroup;
			children = (
				EE4C2B7B1DAF9B6A008924A3 /* NSObject+YYSDK.swift */,
			);
			path = NSObject;
			sourceTree = "<group>";
		};
		EE4C2B7C1DAF9B6A008924A3 /* String */ = {
			isa = PBXGroup;
			children = (
				EE4C2B7D1DAF9B6A008924A3 /* NSAttributedString+YYSDK.swift */,
				EE4C2B7E1DAF9B6A008924A3 /* String+YYSDK.swift */,
			);
			path = String;
			sourceTree = "<group>";
		};
		EE4C2B7F1DAF9B6A008924A3 /* SpriteKit */ = {
			isa = PBXGroup;
			children = (
				EE4C2B801DAF9B6A008924A3 /* SKView */,
			);
			path = SpriteKit;
			sourceTree = "<group>";
		};
		EE4C2B801DAF9B6A008924A3 /* SKView */ = {
			isa = PBXGroup;
			children = (
				EE4C2B811DAF9B6A008924A3 /* SKView+YYSDK.swift */,
			);
			path = SKView;
			sourceTree = "<group>";
		};
		EE4C2B821DAF9B6A008924A3 /* UIKit */ = {
			isa = PBXGroup;
			children = (
				EE4C2B831DAF9B6A008924A3 /* UIApplication */,
				EE4C2B851DAF9B6A008924A3 /* UIButton */,
				EE4C2B871DAF9B6A008924A3 /* UIColor */,
				EE4C2B891DAF9B6A008924A3 /* UIImage */,
				EE4C2B8B1DAF9B6A008924A3 /* UINavigationBar */,
				EE4C2B8D1DAF9B6A008924A3 /* UIPanGestureRecognizer */,
				EE4C2B8F1DAF9B6A008924A3 /* UIScrollView */,
				EE4C2B911DAF9B6A008924A3 /* UITabBarController */,
				EE4C2B931DAF9B6A008924A3 /* UITableView */,
				EE4C2B951DAF9B6A008924A3 /* UIView */,
				EE4C2B971DAF9B6A008924A3 /* UIViewController */,
				EE4C2B991DAF9B6A008924A3 /* UIWebView */,
				EE4C2B9B1DAF9B6A008924A3 /* WKWebView */,
			);
			path = UIKit;
			sourceTree = "<group>";
		};
		EE4C2B831DAF9B6A008924A3 /* UIApplication */ = {
			isa = PBXGroup;
			children = (
				EE4C2B841DAF9B6A008924A3 /* UIApplication+YYSDK.swift */,
			);
			path = UIApplication;
			sourceTree = "<group>";
		};
		EE4C2B851DAF9B6A008924A3 /* UIButton */ = {
			isa = PBXGroup;
			children = (
				EE4C2B861DAF9B6A008924A3 /* UIButton+YYSDK.swift */,
			);
			path = UIButton;
			sourceTree = "<group>";
		};
		EE4C2B871DAF9B6A008924A3 /* UIColor */ = {
			isa = PBXGroup;
			children = (
				EE4C2B881DAF9B6A008924A3 /* UIColor+YYSDK.swift */,
			);
			path = UIColor;
			sourceTree = "<group>";
		};
		EE4C2B891DAF9B6A008924A3 /* UIImage */ = {
			isa = PBXGroup;
			children = (
				EE4C2B8A1DAF9B6A008924A3 /* UIImage+YYSDK.swift */,
			);
			path = UIImage;
			sourceTree = "<group>";
		};
		EE4C2B8B1DAF9B6A008924A3 /* UINavigationBar */ = {
			isa = PBXGroup;
			children = (
				EE4C2B8C1DAF9B6A008924A3 /* UINavigationBar+YYSDK.swift */,
			);
			path = UINavigationBar;
			sourceTree = "<group>";
		};
		EE4C2B8D1DAF9B6A008924A3 /* UIPanGestureRecognizer */ = {
			isa = PBXGroup;
			children = (
				EE4C2B8E1DAF9B6A008924A3 /* UIPanGestureRecognizer+YYSDK.swift */,
			);
			path = UIPanGestureRecognizer;
			sourceTree = "<group>";
		};
		EE4C2B8F1DAF9B6A008924A3 /* UIScrollView */ = {
			isa = PBXGroup;
			children = (
				EE4C2B901DAF9B6A008924A3 /* UIScrollView+YYSDK.swift */,
			);
			path = UIScrollView;
			sourceTree = "<group>";
		};
		EE4C2B911DAF9B6A008924A3 /* UITabBarController */ = {
			isa = PBXGroup;
			children = (
				EE4C2B921DAF9B6A008924A3 /* UITabBarController+YYSDK.swift */,
			);
			path = UITabBarController;
			sourceTree = "<group>";
		};
		EE4C2B931DAF9B6A008924A3 /* UITableView */ = {
			isa = PBXGroup;
			children = (
				EE4C2B941DAF9B6A008924A3 /* UITableView+YYSDK.swift */,
			);
			path = UITableView;
			sourceTree = "<group>";
		};
		EE4C2B951DAF9B6A008924A3 /* UIView */ = {
			isa = PBXGroup;
			children = (
				EE4C2B961DAF9B6A008924A3 /* UIView+YYSDK.swift */,
			);
			path = UIView;
			sourceTree = "<group>";
		};
		EE4C2B971DAF9B6A008924A3 /* UIViewController */ = {
			isa = PBXGroup;
			children = (
				EE4C2B981DAF9B6A008924A3 /* ViewController+YYSDK.swift */,
			);
			path = UIViewController;
			sourceTree = "<group>";
		};
		EE4C2B991DAF9B6A008924A3 /* UIWebView */ = {
			isa = PBXGroup;
			children = (
				EE4C2B9A1DAF9B6A008924A3 /* UIWebView+YYSDK.swift */,
			);
			path = UIWebView;
			sourceTree = "<group>";
		};
		EE4C2B9B1DAF9B6A008924A3 /* WKWebView */ = {
			isa = PBXGroup;
			children = (
				EE4C2B9C1DAF9B6A008924A3 /* WKWebView+YYSDK.swift */,
			);
			path = WKWebView;
			sourceTree = "<group>";
		};
		EE4C2B9D1DAF9B6A008924A3 /* YYFoundation */ = {
			isa = PBXGroup;
			children = (
				EE4C2B9E1DAF9B6A008924A3 /* YYClosure.swift */,
				EE4C2B9F1DAF9B6A008924A3 /* YYEnum.swift */,
				EE4C2BA01DAF9B6A008924A3 /* YYProtocol.swift */,
				EE4C2BA11DAF9B6A008924A3 /* YYStruct.swift */,
				EE4C2BA21DAF9B6A008924A3 /* YYSystemNotification.swift */,
			);
			path = YYFoundation;
			sourceTree = "<group>";
		};
		EE4C2BA31DAF9B6A008924A3 /* YYLib */ = {
			isa = PBXGroup;
			children = (
				EE4C2BA41DAF9B6A008924A3 /* YYAnimation */,
				EE4C2BA61DAF9B6A008924A3 /* YYDesignableView */,
				EE4C2BAB1DAF9B6A008924A3 /* YYDim */,
				EE4C2BAD1DAF9B6A008924A3 /* YYEnvironment */,
				EE4C2BAF1DAF9B6A008924A3 /* YYGCD */,
				EE4C2BB21DAF9B6A008924A3 /* YYHttp */,
				EE4C2BB41DAF9B6A008924A3 /* YYImageBrowser */,
				EE4C2BB61DAF9B6A008924A3 /* YYLog */,
				EE4C2BB81DAF9B6A008924A3 /* YYNoDataView */,
				EE4C2BBC1DAF9B6A008924A3 /* YYRefresh */,
				EE4C2BC11DAF9B6A008924A3 /* YYRenderableTableView */,
				EE4C2BC31DAF9B6A008924A3 /* YYXibView */,
			);
			path = YYLib;
			sourceTree = "<group>";
		};
		EE4C2BA41DAF9B6A008924A3 /* YYAnimation */ = {
			isa = PBXGroup;
			children = (
				EE4C2BA51DAF9B6A008924A3 /* YYAnimation.swift */,
			);
			path = YYAnimation;
			sourceTree = "<group>";
		};
		EE4C2BA61DAF9B6A008924A3 /* YYDesignableView */ = {
			isa = PBXGroup;
			children = (
				EE4C2BA71DAF9B6A008924A3 /* YYButton.swift */,
				EE4C2BA81DAF9B6A008924A3 /* YYImageView.swift */,
				EE4C2BA91DAF9B6A008924A3 /* YYLabel.swift */,
				EE4C2BAA1DAF9B6A008924A3 /* YYView.swift */,
			);
			path = YYDesignableView;
			sourceTree = "<group>";
		};
		EE4C2BAB1DAF9B6A008924A3 /* YYDim */ = {
			isa = PBXGroup;
			children = (
				EE4C2BAC1DAF9B6A008924A3 /* YYDim.swift */,
			);
			path = YYDim;
			sourceTree = "<group>";
		};
		EE4C2BAD1DAF9B6A008924A3 /* YYEnvironment */ = {
			isa = PBXGroup;
			children = (
				EE4C2BAE1DAF9B6A008924A3 /* YYEnvironment.swift */,
			);
			path = YYEnvironment;
			sourceTree = "<group>";
		};
		EE4C2BAF1DAF9B6A008924A3 /* YYGCD */ = {
			isa = PBXGroup;
			children = (
				EE4C2BB01DAF9B6A008924A3 /* YYGCD.swift */,
				EE4C2BB11DAF9B6A008924A3 /* YYGCDGroup.swift */,
			);
			path = YYGCD;
			sourceTree = "<group>";
		};
		EE4C2BB21DAF9B6A008924A3 /* YYHttp */ = {
			isa = PBXGroup;
			children = (
				EE4C2BB31DAF9B6A008924A3 /* YYHttp.swift */,
			);
			path = YYHttp;
			sourceTree = "<group>";
		};
		EE4C2BB41DAF9B6A008924A3 /* YYImageBrowser */ = {
			isa = PBXGroup;
			children = (
				EE4C2BB51DAF9B6A008924A3 /* YYImageBrowser.swift */,
			);
			path = YYImageBrowser;
			sourceTree = "<group>";
		};
		EE4C2BB61DAF9B6A008924A3 /* YYLog */ = {
			isa = PBXGroup;
			children = (
				EE4C2BB71DAF9B6A008924A3 /* YYLogger.swift */,
			);
			name = YYLog;
			path = YYLogger;
			sourceTree = "<group>";
		};
		EE4C2BB81DAF9B6A008924A3 /* YYNoDataView */ = {
			isa = PBXGroup;
			children = (
				EE4C2BB91DAF9B6A008924A3 /* YYNoDataView.swift */,
				EE4C2BBA1DAF9B6A008924A3 /* YYNoDataView.xib */,
				EE4C2BBB1DAF9B6A008924A3 /* YYNoDataViewImage@2x.png */,
			);
			path = YYNoDataView;
			sourceTree = "<group>";
		};
		EE4C2BBC1DAF9B6A008924A3 /* YYRefresh */ = {
			isa = PBXGroup;
			children = (
				EE4C2BBD1DAF9B6A008924A3 /* YYRefresh.bundle */,
				EE4C2BBE1DAF9B6A008924A3 /* YYRefresh.swift */,
				EE4C2BBF1DAF9B6A008924A3 /* YYRefreshFoundation.swift */,
				EE4C2BC01DAF9B6A008924A3 /* YYRefreshView.swift */,
			);
			path = YYRefresh;
			sourceTree = "<group>";
		};
		EE4C2BC11DAF9B6A008924A3 /* YYRenderableTableView */ = {
			isa = PBXGroup;
			children = (
				EE4C2BC21DAF9B6A008924A3 /* YYRenderableTableView.swift */,
			);
			path = YYRenderableTableView;
			sourceTree = "<group>";
		};
		EE4C2BC31DAF9B6A008924A3 /* YYXibView */ = {
			isa = PBXGroup;
			children = (
				EE4C2BC41DAF9B6A008924A3 /* YYXibView.swift */,
			);
			path = YYXibView;
			sourceTree = "<group>";
		};
		EEAC1C041D9A4EE000A40191 /* Frameworks */ = {
			isa = PBXGroup;
			children = (
				EE4C2AC51DAF987B008924A3 /* Aspects.framework */,
				EE4C2AC61DAF987B008924A3 /* CryptoSwift.framework */,
				EE4C2AC71DAF987B008924A3 /* EZSwiftExtensions.framework */,
				EE4C2AC81DAF987B008924A3 /* HandyJSON.framework */,
				EE4C2AC91DAF987B008924A3 /* Kingfisher.framework */,
				EE4C2ACA1DAF987B008924A3 /* PermissionScope.framework */,
				EE4C2AC31DAF9854008924A3 /* SnapKit.framework */,
				EE50A6D21D9BDAAA00B70B3F /* Alamofire.framework */,
				EE38FCFA1D9BBFBD004CC33E /* ReSwift.framework */,
				EEAC1C051D9A4EE000A40191 /* KeychainAccess.framework */,
			);
			name = Frameworks;
			sourceTree = "<group>";
		};
		EEF501CA1D815AB800FF90B0 = {
			isa = PBXGroup;
			children = (
				EE4C29F11DAF9822008924A3 /* SwiftSum */,
				EE4C2B631DAF9B3A008924A3 /* YYSDK */,
				EEAC1C041D9A4EE000A40191 /* Frameworks */,
				EEF501D41D815AB800FF90B0 /* Products */,
			);
			sourceTree = "<group>";
		};
		EEF501D41D815AB800FF90B0 /* Products */ = {
			isa = PBXGroup;
			children = (
				EEF501D31D815AB800FF90B0 /* SwiftSum.app */,
				EE4C2B621DAF9B3A008924A3 /* YYSDK.framework */,
			);
			name = Products;
			sourceTree = "<group>";
		};
/* End PBXGroup section */

/* Begin PBXHeadersBuildPhase section */
		EE4C2B5F1DAF9B3A008924A3 /* Headers */ = {
			isa = PBXHeadersBuildPhase;
			buildActionMask = 2147483647;
			files = (
				EE4C2B661DAF9B3A008924A3 /* YYSDK.h in Headers */,
			);
			runOnlyForDeploymentPostprocessing = 0;
		};
/* End PBXHeadersBuildPhase section */

/* Begin PBXNativeTarget section */
		EE4C2B611DAF9B3A008924A3 /* YYSDK */ = {
			isa = PBXNativeTarget;
			buildConfigurationList = EE4C2B6B1DAF9B3A008924A3 /* Build configuration list for PBXNativeTarget "YYSDK" */;
			buildPhases = (
				EE4C2B5D1DAF9B3A008924A3 /* Sources */,
				EE4C2B5E1DAF9B3A008924A3 /* Frameworks */,
				EE4C2B5F1DAF9B3A008924A3 /* Headers */,
				EE4C2B601DAF9B3A008924A3 /* Resources */,
			);
			buildRules = (
			);
			dependencies = (
			);
			name = YYSDK;
			productName = YYSDK;
			productReference = EE4C2B621DAF9B3A008924A3 /* YYSDK.framework */;
			productType = "com.apple.product-type.framework";
		};
		EEF501D21D815AB800FF90B0 /* SwiftSum */ = {
			isa = PBXNativeTarget;
			buildConfigurationList = EEF501E51D815AB800FF90B0 /* Build configuration list for PBXNativeTarget "SwiftSum" */;
			buildPhases = (
				EEF501CF1D815AB800FF90B0 /* Sources */,
				EEF501D01D815AB800FF90B0 /* Frameworks */,
				EEF501D11D815AB800FF90B0 /* Resources */,
				EEF502031D815EA500FF90B0 /* Embed Frameworks */,
				EEAC1C081D9A564F00A40191 /* ShellScript */,
			);
			buildRules = (
			);
			dependencies = (
				EE4C2B681DAF9B3A008924A3 /* PBXTargetDependency */,
			);
			name = SwiftSum;
			productName = SwiftSum;
			productReference = EEF501D31D815AB800FF90B0 /* SwiftSum.app */;
			productType = "com.apple.product-type.application";
		};
/* End PBXNativeTarget section */

/* Begin PBXProject section */
		EEF501CB1D815AB800FF90B0 /* Project object */ = {
			isa = PBXProject;
			attributes = {
				LastSwiftUpdateCheck = 0800;
				LastUpgradeCheck = 0800;
				ORGANIZATIONNAME = huan;
				TargetAttributes = {
					EE4C2B611DAF9B3A008924A3 = {
						CreatedOnToolsVersion = 8.0;
						DevelopmentTeam = 24KJRC9CBU;
						ProvisioningStyle = Automatic;
					};
					EEF501D21D815AB800FF90B0 = {
						CreatedOnToolsVersion = 8.0;
						DevelopmentTeam = 24KJRC9CBU;
						ProvisioningStyle = Automatic;
					};
				};
			};
			buildConfigurationList = EEF501CE1D815AB800FF90B0 /* Build configuration list for PBXProject "SwiftSum" */;
			compatibilityVersion = "Xcode 3.2";
			developmentRegion = English;
			hasScannedForEncodings = 0;
			knownRegions = (
				en,
				Base,
			);
			mainGroup = EEF501CA1D815AB800FF90B0;
			productRefGroup = EEF501D41D815AB800FF90B0 /* Products */;
			projectDirPath = "";
			projectRoot = "";
			targets = (
				EEF501D21D815AB800FF90B0 /* SwiftSum */,
				EE4C2B611DAF9B3A008924A3 /* YYSDK */,
			);
		};
/* End PBXProject section */

/* Begin PBXResourcesBuildPhase section */
		EE4C2B601DAF9B3A008924A3 /* Resources */ = {
			isa = PBXResourcesBuildPhase;
			buildActionMask = 2147483647;
			files = (
				EE4C2BEE1DAF9B6B008924A3 /* YYNoDataViewImage@2x.png in Resources */,
				EE4C2BEF1DAF9B6B008924A3 /* YYRefresh.bundle in Resources */,
				EE4C2BED1DAF9B6B008924A3 /* YYNoDataView.xib in Resources */,
			);
			runOnlyForDeploymentPostprocessing = 0;
		};
		EEF501D11D815AB800FF90B0 /* Resources */ = {
			isa = PBXResourcesBuildPhase;
			buildActionMask = 2147483647;
			files = (
				EE4C2AA61DAF9822008924A3 /* TodoFooter.xib in Resources */,
				EE4C2A881DAF9822008924A3 /* ThreeTouchDemo.xib in Resources */,
				EE4C2AB31DAF9822008924A3 /* YYLibDemo.storyboard in Resources */,
				EE4C2A7D1DAF9822008924A3 /* explosion.mp3 in Resources */,
				EE4C2AC11DAF9822008924A3 /* Assets.xcassets in Resources */,
				EE4C2A901DAF9822008924A3 /* EasingDemo.xib in Resources */,
				EE4C2A9A1DAF9822008924A3 /* TransformDemo.xib in Resources */,
				EE4C2AAE1DAF9822008924A3 /* TodoListReduxDemo.xib in Resources */,
				EE4C2A941DAF9822008924A3 /* LayerGeometryDemo.xib in Resources */,
				EE4C2A7C1DAF9822008924A3 /* coin.wav in Resources */,
				EE4C2A921DAF9822008924A3 /* BackingImageDemo.xib in Resources */,
				EE4C2A9E1DAF9822008924A3 /* ExpliciteAnimationDemo.xib in Resources */,
				EE4C2A741DAF9822008924A3 /* Info.plist in Resources */,
				EE4C2A9C1DAF9822008924A3 /* ImplicitAnimationsDemo.xib in Resources */,
				EE4C2A891DAF9822008924A3 /* SystemDemo.storyboard in Resources */,
				EE4C2A821DAF9822008924A3 /* Main.storyboard in Resources */,
				EE4C2AAA1DAF9822008924A3 /* TodoList.xib in Resources */,
				EE4C2AC21DAF9822008924A3 /* LaunchScreen.storyboard in Resources */,
				EE4C2AB71DAF9822008924A3 /* YYRefreshDemo.xib in Resources */,
				EE4C2AB01DAF9822008924A3 /* TodoListDemo.xib in Resources */,
				EE4C2ABB1DAF9822008924A3 /* DemoCell.xib in Resources */,
				EE4C2A961DAF9822008924A3 /* VisualEffectsDemo.xib in Resources */,
				EE4C2AB11DAF9822008924A3 /* ThirdLibDemo.storyboard in Resources */,
				EE4C2AA81DAF9822008924A3 /* TodoHeader.xib in Resources */,
				EE4C2A981DAF9822008924A3 /* CubeView.xib in Resources */,
				EE4C2A7E1DAF9822008924A3 /* jump.wav in Resources */,
				EE4C2A791DAF9822008924A3 /* GameDemo.storyboard in Resources */,
				EE4C2A7B1DAF9822008924A3 /* BackgroundMusic.mp3 in Resources */,
				EE4C2AA01DAF9822008924A3 /* LayerTimerDemo.xib in Resources */,
				EE4C2A781DAF9822008924A3 /* Game.xcassets in Resources */,
				EE4C2AA11DAF9822008924A3 /* CoreAnimation.xcassets in Resources */,
			);
			runOnlyForDeploymentPostprocessing = 0;
		};
/* End PBXResourcesBuildPhase section */

/* Begin PBXShellScriptBuildPhase section */
		EEAC1C081D9A564F00A40191 /* ShellScript */ = {
			isa = PBXShellScriptBuildPhase;
			buildActionMask = 2147483647;
			files = (
			);
			inputPaths = (
				"$(SRCROOT)/Carthage/Build/iOS/KeychainAccess.framework",
				"$(SRCROOT)/Carthage/Build/iOS/ReSwift.framework",
				"$(SRCROOT)/Carthage/Build/iOS/Alamofire.framework",
				"$(SRCROOT)/Carthage/Build/iOS/CryptoSwift.framework",
				"$(SRCROOT)/Carthage/Build/iOS/HandyJSON.framework",
				"$(SRCROOT)/Carthage/Build/iOS/Kingfisher.framework",
				"$(SRCROOT)/Carthage/Build/iOS/Aspects.framework",
				"$(SRCROOT)/Carthage/Build/iOS/EZSwiftExtensions.framework",
				"$(SRCROOT)/Carthage/Build/iOS/PermissionScope.framework",
				"$(SRCROOT)/Carthage/Build/iOS/SnapKit.framework",
			);
			outputPaths = (
			);
			runOnlyForDeploymentPostprocessing = 0;
			shellPath = "/usr/local/bin/carthage copy-frameworks";
			shellScript = "";
		};
/* End PBXShellScriptBuildPhase section */

/* Begin PBXSourcesBuildPhase section */
		EE4C2B5D1DAF9B3A008924A3 /* Sources */ = {
			isa = PBXSourcesBuildPhase;
			buildActionMask = 2147483647;
			files = (
				EE4C2BF21DAF9B6B008924A3 /* YYRefreshView.swift in Sources */,
				EE4C2BC81DAF9B6A008924A3 /* Date+YYSDK.swift in Sources */,
				EE4C2BCF1DAF9B6A008924A3 /* UIButton+YYSDK.swift in Sources */,
				EE4C2BD01DAF9B6A008924A3 /* UIColor+YYSDK.swift in Sources */,
				EE4C2BD81DAF9B6A008924A3 /* ViewController+YYSDK.swift in Sources */,
				EE4C2BDE1DAF9B6A008924A3 /* YYStruct.swift in Sources */,
				EE4C2BC91DAF9B6A008924A3 /* Dictionary+YYSDK.swift in Sources */,
				EE4C2BE91DAF9B6A008924A3 /* YYHttp.swift in Sources */,
				EE4C2BD21DAF9B6A008924A3 /* UINavigationBar+YYSDK.swift in Sources */,
				EE4C2BDC1DAF9B6A008924A3 /* YYEnum.swift in Sources */,
				EE4C2BE81DAF9B6A008924A3 /* YYGCDGroup.swift in Sources */,
				EE4C2BF31DAF9B6B008924A3 /* YYRenderableTableView.swift in Sources */,
				EE4C2BE21DAF9B6A008924A3 /* YYImageView.swift in Sources */,
				EE4C2BD91DAF9B6A008924A3 /* UIWebView+YYSDK.swift in Sources */,
				EE4C2BEA1DAF9B6A008924A3 /* YYImageBrowser.swift in Sources */,
				EE4C2BC61DAF9B6A008924A3 /* Bool+YYSDK.swift in Sources */,
				EE4C2BCE1DAF9B6A008924A3 /* UIApplication+YYSDK.swift in Sources */,
				EE4C2BD31DAF9B6A008924A3 /* UIPanGestureRecognizer+YYSDK.swift in Sources */,
				EE4C2BD71DAF9B6A008924A3 /* UIView+YYSDK.swift in Sources */,
				EE4C2BEC1DAF9B6A008924A3 /* YYNoDataView.swift in Sources */,
				EE4C2BCC1DAF9B6A008924A3 /* String+YYSDK.swift in Sources */,
				EE4C2BC51DAF9B6A008924A3 /* Array+YYSDK.swift in Sources */,
				EE4C2BE71DAF9B6A008924A3 /* YYGCD.swift in Sources */,
				EE4C2BF01DAF9B6B008924A3 /* YYRefresh.swift in Sources */,
				EE4C2BD61DAF9B6A008924A3 /* UITableView+YYSDK.swift in Sources */,
				EE4C2BE11DAF9B6A008924A3 /* YYButton.swift in Sources */,
				EE4C2BDF1DAF9B6A008924A3 /* YYSystemNotification.swift in Sources */,
				EE4C2BD41DAF9B6A008924A3 /* UIScrollView+YYSDK.swift in Sources */,
				EE4C2BE41DAF9B6A008924A3 /* YYView.swift in Sources */,
				EE4C2BE01DAF9B6A008924A3 /* YYAnimation.swift in Sources */,
				EE4C2BD51DAF9B6A008924A3 /* UITabBarController+YYSDK.swift in Sources */,
				EE4C2BE31DAF9B6A008924A3 /* YYLabel.swift in Sources */,
				EE4C2BDB1DAF9B6A008924A3 /* YYClosure.swift in Sources */,
				EE4C2BE61DAF9B6A008924A3 /* YYEnvironment.swift in Sources */,
				EE4C2BCA1DAF9B6A008924A3 /* NSObject+YYSDK.swift in Sources */,
				EE4C2BDD1DAF9B6A008924A3 /* YYProtocol.swift in Sources */,
				EE4C2BCD1DAF9B6A008924A3 /* SKView+YYSDK.swift in Sources */,
				EE4C2BC71DAF9B6A008924A3 /* NSData+YYSDK.swift in Sources */,
				EE4C2BD11DAF9B6A008924A3 /* UIImage+YYSDK.swift in Sources */,
				EE4C2BEB1DAF9B6A008924A3 /* YYLogger.swift in Sources */,
				EE4C2BF11DAF9B6B008924A3 /* YYRefreshFoundation.swift in Sources */,
				EE4C2BE51DAF9B6A008924A3 /* YYDim.swift in Sources */,
				EE4C2BDA1DAF9B6A008924A3 /* WKWebView+YYSDK.swift in Sources */,
				EE4C2BCB1DAF9B6A008924A3 /* NSAttributedString+YYSDK.swift in Sources */,
				EE4C2BF41DAF9B6B008924A3 /* YYXibView.swift in Sources */,
			);
			runOnlyForDeploymentPostprocessing = 0;
		};
		EEF501CF1D815AB800FF90B0 /* Sources */ = {
			isa = PBXSourcesBuildPhase;
			buildActionMask = 2147483647;
			files = (
				EE4C2A771DAF9822008924A3 /* YYBaseTabBarController.swift in Sources */,
				EE4C2A7F1DAF9822008924A3 /* HelloScene.swift in Sources */,
				EE4C2A931DAF9822008924A3 /* LayerGeometryDemo.swift in Sources */,
				EE4C2ABC1DAF9822008924A3 /* DemoCell2.swift in Sources */,
				EE4C2A811DAF9822008924A3 /* SpriteViewController.swift in Sources */,
				EE4C2A861DAF9822008924A3 /* SwiftTips.swift in Sources */,
				EE4C2AA31DAF9822008924A3 /* AlamofireDemo.swift in Sources */,
				EE4C2A841DAF9822008924A3 /* SwiftLearn.swift in Sources */,
				EE4C2AA71DAF9822008924A3 /* TodoHeader.swift in Sources */,
				EE4C2AC01DAF9822008924A3 /* NestedScrollViewDemo.swift in Sources */,
				EE4C2AAB1DAF9822008924A3 /* TodoListAction.swift in Sources */,
				EE4C2A801DAF9822008924A3 /* Spaceship.swift in Sources */,
				EE4C2ABD1DAF9822008924A3 /* GoodsDetailViewController.swift in Sources */,
				EE4C2A831DAF9822008924A3 /* MainController.swift in Sources */,
				EE4C2A9B1DAF9822008924A3 /* ImplicitAnimationsDemo.swift in Sources */,
				EE4C2A871DAF9822008924A3 /* ThreeTouchDemo.swift in Sources */,
				EE4C2A8A1DAF9822008924A3 /* SystemDemo.swift in Sources */,
				EE4C2AAF1DAF9822008924A3 /* TodoListDemo.swift in Sources */,
				EE4C2A761DAF9822008924A3 /* YYBaseNavigationController.swift in Sources */,
				EE4C2AB41DAF9822008924A3 /* YYLibDemo.swift in Sources */,
				EE4C2AB91DAF9822008924A3 /* GoodsDetailGraphicViewController.swift in Sources */,
				EE4C2AAD1DAF9822008924A3 /* TodoListReduxDemo.swift in Sources */,
				EE4C2A971DAF9822008924A3 /* CubeView.swift in Sources */,
				EE4C2ABE1DAF9822008924A3 /* UsefulExperienceDemo.swift in Sources */,
				EE4C2A7A1DAF9822008924A3 /* GameDemo.swift in Sources */,
				EE4C2A721DAF9822008924A3 /* AppDelegate.swift in Sources */,
				EE4C2AA51DAF9822008924A3 /* TodoFooter.swift in Sources */,
				EE4C2A9D1DAF9822008924A3 /* ExpliciteAnimationDemo.swift in Sources */,
				EE4C2AB81DAF9822008924A3 /* GoodsDetailContainerController.swift in Sources */,
				EE4C2AB21DAF9822008924A3 /* ThirdLibDemo.swift in Sources */,
				EE4C2AA91DAF9822008924A3 /* TodoList.swift in Sources */,
				EE4C2A951DAF9822008924A3 /* VisualEffectsDemo.swift in Sources */,
				EE4C2A911DAF9822008924A3 /* BackingImageDemo.swift in Sources */,
				EE4C2ABA1DAF9822008924A3 /* DemoCell.swift in Sources */,
				EE4C2A731DAF9822008924A3 /* AppInfo.swift in Sources */,
				EE4C2ABF1DAF9822008924A3 /* InnerScrollView.swift in Sources */,
				EE4C2A8E1DAF9822008924A3 /* UIViewControllerDemo.swift in Sources */,
				EE4C2A751DAF9822008924A3 /* YYBaseDemoController.swift in Sources */,
				EE4C2AB61DAF9822008924A3 /* YYRefreshDemo.swift in Sources */,
				EE4C2A851DAF9822008924A3 /* SwiftLearnDemo.swift in Sources */,
				EE4C2A8B1DAF9822008924A3 /* CoreImageDemo.swift in Sources */,
				EE4C2AA21DAF9822008924A3 /* CoreAnimationDemo.swift in Sources */,
				EE4C2A8C1DAF9822008924A3 /* FunctionalDemo.swift in Sources */,
				EE4C2AA41DAF9822008924A3 /* ReduxDemo.swift in Sources */,
				EE4C2AB51DAF9822008924A3 /* YYNoDataViewDemo.swift in Sources */,
				EE4C2A991DAF9822008924A3 /* TransformDemo.swift in Sources */,
				EE4C2AAC1DAF9822008924A3 /* TodoListReducer.swift in Sources */,
				EE4C2A8D1DAF9822008924A3 /* UIKitDemo.swift in Sources */,
				EE4C2A9F1DAF9822008924A3 /* LayerTimerDemo.swift in Sources */,
				EE4C2A8F1DAF9822008924A3 /* EasingDemo.swift in Sources */,
			);
			runOnlyForDeploymentPostprocessing = 0;
		};
/* End PBXSourcesBuildPhase section */

/* Begin PBXTargetDependency section */
		EE4C2B681DAF9B3A008924A3 /* PBXTargetDependency */ = {
			isa = PBXTargetDependency;
			target = EE4C2B611DAF9B3A008924A3 /* YYSDK */;
			targetProxy = EE4C2B671DAF9B3A008924A3 /* PBXContainerItemProxy */;
		};
/* End PBXTargetDependency section */

/* Begin PBXVariantGroup section */
		EE4C2A091DAF9822008924A3 /* Main.storyboard */ = {
			isa = PBXVariantGroup;
			children = (
				EE4C2A0A1DAF9822008924A3 /* Base */,
			);
			name = Main.storyboard;
			sourceTree = "<group>";
		};
		EE4C2A701DAF9822008924A3 /* LaunchScreen.storyboard */ = {
			isa = PBXVariantGroup;
			children = (
				EE4C2A711DAF9822008924A3 /* Base */,
			);
			name = LaunchScreen.storyboard;
			sourceTree = "<group>";
		};
/* End PBXVariantGroup section */

/* Begin XCBuildConfiguration section */
		EE4C2B6C1DAF9B3A008924A3 /* Debug */ = {
			isa = XCBuildConfiguration;
			buildSettings = {
				CODE_SIGN_IDENTITY = "";
				CURRENT_PROJECT_VERSION = 1;
				DEFINES_MODULE = YES;
				DEVELOPMENT_TEAM = 24KJRC9CBU;
				DYLIB_COMPATIBILITY_VERSION = 1;
				DYLIB_CURRENT_VERSION = 1;
				DYLIB_INSTALL_NAME_BASE = "@rpath";
				FRAMEWORK_SEARCH_PATHS = (
					"$(inherited)",
					"$(PROJECT_DIR)/Carthage/Build/iOS",
				);
				INFOPLIST_FILE = YYSDK/Info.plist;
				INSTALL_PATH = "$(LOCAL_LIBRARY_DIR)/Frameworks";
				IPHONEOS_DEPLOYMENT_TARGET = 9.0;
				LD_RUNPATH_SEARCH_PATHS = "$(inherited) @executable_path/Frameworks @loader_path/Frameworks";
				PRODUCT_BUNDLE_IDENTIFIER = com.yy.ios.YYSDK;
				PRODUCT_NAME = "$(TARGET_NAME)";
				SKIP_INSTALL = YES;
				SWIFT_VERSION = 3.0;
				VERSIONING_SYSTEM = "apple-generic";
				VERSION_INFO_PREFIX = "";
			};
			name = Debug;
		};
		EE4C2B6D1DAF9B3A008924A3 /* Release */ = {
			isa = XCBuildConfiguration;
			buildSettings = {
				CODE_SIGN_IDENTITY = "";
				CURRENT_PROJECT_VERSION = 1;
				DEFINES_MODULE = YES;
				DEVELOPMENT_TEAM = 24KJRC9CBU;
				DYLIB_COMPATIBILITY_VERSION = 1;
				DYLIB_CURRENT_VERSION = 1;
				DYLIB_INSTALL_NAME_BASE = "@rpath";
				FRAMEWORK_SEARCH_PATHS = (
					"$(inherited)",
					"$(PROJECT_DIR)/Carthage/Build/iOS",
				);
				INFOPLIST_FILE = YYSDK/Info.plist;
				INSTALL_PATH = "$(LOCAL_LIBRARY_DIR)/Frameworks";
				IPHONEOS_DEPLOYMENT_TARGET = 9.0;
				LD_RUNPATH_SEARCH_PATHS = "$(inherited) @executable_path/Frameworks @loader_path/Frameworks";
				PRODUCT_BUNDLE_IDENTIFIER = com.yy.ios.YYSDK;
				PRODUCT_NAME = "$(TARGET_NAME)";
				SKIP_INSTALL = YES;
				SWIFT_VERSION = 3.0;
				VERSIONING_SYSTEM = "apple-generic";
				VERSION_INFO_PREFIX = "";
			};
			name = Release;
		};
		EEF501E31D815AB800FF90B0 /* Debug */ = {
			isa = XCBuildConfiguration;
			buildSettings = {
				ALWAYS_SEARCH_USER_PATHS = NO;
				CLANG_ANALYZER_NONNULL = YES;
				CLANG_CXX_LANGUAGE_STANDARD = "gnu++0x";
				CLANG_CXX_LIBRARY = "libc++";
				CLANG_ENABLE_MODULES = YES;
				CLANG_ENABLE_OBJC_ARC = YES;
				CLANG_WARN_BOOL_CONVERSION = YES;
				CLANG_WARN_CONSTANT_CONVERSION = YES;
				CLANG_WARN_DIRECT_OBJC_ISA_USAGE = YES_ERROR;
				CLANG_WARN_DOCUMENTATION_COMMENTS = YES;
				CLANG_WARN_EMPTY_BODY = YES;
				CLANG_WARN_ENUM_CONVERSION = YES;
				CLANG_WARN_INFINITE_RECURSION = YES;
				CLANG_WARN_INT_CONVERSION = YES;
				CLANG_WARN_OBJC_ROOT_CLASS = YES_ERROR;
				CLANG_WARN_SUSPICIOUS_MOVES = YES;
				CLANG_WARN_UNREACHABLE_CODE = YES;
				CLANG_WARN__DUPLICATE_METHOD_MATCH = YES;
				"CODE_SIGN_IDENTITY[sdk=iphoneos*]" = "iPhone Developer";
				COPY_PHASE_STRIP = NO;
				DEBUG_INFORMATION_FORMAT = dwarf;
				ENABLE_STRICT_OBJC_MSGSEND = YES;
				ENABLE_TESTABILITY = YES;
				GCC_C_LANGUAGE_STANDARD = gnu99;
				GCC_DYNAMIC_NO_PIC = NO;
				GCC_NO_COMMON_BLOCKS = YES;
				GCC_OPTIMIZATION_LEVEL = 0;
				GCC_PREPROCESSOR_DEFINITIONS = (
					"DEBUG=1",
					"$(inherited)",
				);
				GCC_WARN_64_TO_32_BIT_CONVERSION = YES;
				GCC_WARN_ABOUT_RETURN_TYPE = YES_ERROR;
				GCC_WARN_UNDECLARED_SELECTOR = YES;
				GCC_WARN_UNINITIALIZED_AUTOS = YES_AGGRESSIVE;
				GCC_WARN_UNUSED_FUNCTION = YES;
				GCC_WARN_UNUSED_VARIABLE = YES;
				IPHONEOS_DEPLOYMENT_TARGET = 10.0;
				MTL_ENABLE_DEBUG_INFO = YES;
				ONLY_ACTIVE_ARCH = YES;
				SDKROOT = iphoneos;
				SWIFT_ACTIVE_COMPILATION_CONDITIONS = DEBUG;
				SWIFT_OPTIMIZATION_LEVEL = "-Onone";
				TARGETED_DEVICE_FAMILY = "1,2";
			};
			name = Debug;
		};
		EEF501E41D815AB800FF90B0 /* Release */ = {
			isa = XCBuildConfiguration;
			buildSettings = {
				ALWAYS_SEARCH_USER_PATHS = NO;
				CLANG_ANALYZER_NONNULL = YES;
				CLANG_CXX_LANGUAGE_STANDARD = "gnu++0x";
				CLANG_CXX_LIBRARY = "libc++";
				CLANG_ENABLE_MODULES = YES;
				CLANG_ENABLE_OBJC_ARC = YES;
				CLANG_WARN_BOOL_CONVERSION = YES;
				CLANG_WARN_CONSTANT_CONVERSION = YES;
				CLANG_WARN_DIRECT_OBJC_ISA_USAGE = YES_ERROR;
				CLANG_WARN_DOCUMENTATION_COMMENTS = YES;
				CLANG_WARN_EMPTY_BODY = YES;
				CLANG_WARN_ENUM_CONVERSION = YES;
				CLANG_WARN_INFINITE_RECURSION = YES;
				CLANG_WARN_INT_CONVERSION = YES;
				CLANG_WARN_OBJC_ROOT_CLASS = YES_ERROR;
				CLANG_WARN_SUSPICIOUS_MOVES = YES;
				CLANG_WARN_UNREACHABLE_CODE = YES;
				CLANG_WARN__DUPLICATE_METHOD_MATCH = YES;
				"CODE_SIGN_IDENTITY[sdk=iphoneos*]" = "iPhone Developer";
				COPY_PHASE_STRIP = NO;
				DEBUG_INFORMATION_FORMAT = "dwarf-with-dsym";
				ENABLE_NS_ASSERTIONS = NO;
				ENABLE_STRICT_OBJC_MSGSEND = YES;
				GCC_C_LANGUAGE_STANDARD = gnu99;
				GCC_NO_COMMON_BLOCKS = YES;
				GCC_WARN_64_TO_32_BIT_CONVERSION = YES;
				GCC_WARN_ABOUT_RETURN_TYPE = YES_ERROR;
				GCC_WARN_UNDECLARED_SELECTOR = YES;
				GCC_WARN_UNINITIALIZED_AUTOS = YES_AGGRESSIVE;
				GCC_WARN_UNUSED_FUNCTION = YES;
				GCC_WARN_UNUSED_VARIABLE = YES;
				IPHONEOS_DEPLOYMENT_TARGET = 10.0;
				MTL_ENABLE_DEBUG_INFO = NO;
				SDKROOT = iphoneos;
				SWIFT_OPTIMIZATION_LEVEL = "-Owholemodule";
				TARGETED_DEVICE_FAMILY = "1,2";
				VALIDATE_PRODUCT = YES;
			};
			name = Release;
		};
		EEF501E61D815AB800FF90B0 /* Debug */ = {
			isa = XCBuildConfiguration;
			buildSettings = {
				ALWAYS_EMBED_SWIFT_STANDARD_LIBRARIES = YES;
				ASSETCATALOG_COMPILER_APPICON_NAME = AppIcon;
				DEVELOPMENT_TEAM = 24KJRC9CBU;
				FRAMEWORK_SEARCH_PATHS = (
					"$(inherited)",
					"$(PROJECT_DIR)/Carthage/Build/iOS",
				);
				GCC_TREAT_WARNINGS_AS_ERRORS = YES;
				INFOPLIST_FILE = SwiftSum/App/Info.plist;
				IPHONEOS_DEPLOYMENT_TARGET = 9.0;
				LD_RUNPATH_SEARCH_PATHS = "$(inherited) @executable_path/Frameworks";
				PRODUCT_BUNDLE_IDENTIFIER = com.yy.ios.SwiftSum;
				PRODUCT_NAME = "$(TARGET_NAME)";
				SWIFT_VERSION = 3.0;
			};
			name = Debug;
		};
		EEF501E71D815AB800FF90B0 /* Release */ = {
			isa = XCBuildConfiguration;
			buildSettings = {
				ALWAYS_EMBED_SWIFT_STANDARD_LIBRARIES = YES;
				ASSETCATALOG_COMPILER_APPICON_NAME = AppIcon;
				DEVELOPMENT_TEAM = 24KJRC9CBU;
				FRAMEWORK_SEARCH_PATHS = (
					"$(inherited)",
					"$(PROJECT_DIR)/Carthage/Build/iOS",
				);
				GCC_TREAT_WARNINGS_AS_ERRORS = YES;
				INFOPLIST_FILE = SwiftSum/App/Info.plist;
				IPHONEOS_DEPLOYMENT_TARGET = 9.0;
				LD_RUNPATH_SEARCH_PATHS = "$(inherited) @executable_path/Frameworks";
				PRODUCT_BUNDLE_IDENTIFIER = com.yy.ios.SwiftSum;
				PRODUCT_NAME = "$(TARGET_NAME)";
				SWIFT_VERSION = 3.0;
			};
			name = Release;
		};
/* End XCBuildConfiguration section */

/* Begin XCConfigurationList section */
		EE4C2B6B1DAF9B3A008924A3 /* Build configuration list for PBXNativeTarget "YYSDK" */ = {
			isa = XCConfigurationList;
			buildConfigurations = (
				EE4C2B6C1DAF9B3A008924A3 /* Debug */,
				EE4C2B6D1DAF9B3A008924A3 /* Release */,
			);
			defaultConfigurationIsVisible = 0;
			defaultConfigurationName = Release;
		};
		EEF501CE1D815AB800FF90B0 /* Build configuration list for PBXProject "SwiftSum" */ = {
			isa = XCConfigurationList;
			buildConfigurations = (
				EEF501E31D815AB800FF90B0 /* Debug */,
				EEF501E41D815AB800FF90B0 /* Release */,
			);
			defaultConfigurationIsVisible = 0;
			defaultConfigurationName = Release;
		};
		EEF501E51D815AB800FF90B0 /* Build configuration list for PBXNativeTarget "SwiftSum" */ = {
			isa = XCConfigurationList;
			buildConfigurations = (
				EEF501E61D815AB800FF90B0 /* Debug */,
				EEF501E71D815AB800FF90B0 /* Release */,
			);
			defaultConfigurationIsVisible = 0;
			defaultConfigurationName = Release;
		};
/* End XCConfigurationList section */
	};
	rootObject = EEF501CB1D815AB800FF90B0 /* Project object */;
}
